// !$*UTF8*$!
{
	archiveVersion = 1;
	classes = {
	};
	objectVersion = 55;
	objects = {

/* Begin PBXBuildFile section */
		0AE5B4EE280475B800BD062E /* PungDeongApp.swift in Sources */ = {isa = PBXBuildFile; fileRef = 0AE5B4ED280475B800BD062E /* PungDeongApp.swift */; };
		0AE5B4F0280475B800BD062E /* ContentView.swift in Sources */ = {isa = PBXBuildFile; fileRef = 0AE5B4EF280475B800BD062E /* ContentView.swift */; };
		0AE5B4F2280475B900BD062E /* Assets.xcassets in Resources */ = {isa = PBXBuildFile; fileRef = 0AE5B4F1280475B900BD062E /* Assets.xcassets */; };
		0AE5B4F5280475B900BD062E /* Preview Assets.xcassets in Resources */ = {isa = PBXBuildFile; fileRef = 0AE5B4F4280475B900BD062E /* Preview Assets.xcassets */; };
		0AE5B4FF280475B900BD062E /* PungDeongTests.swift in Sources */ = {isa = PBXBuildFile; fileRef = 0AE5B4FE280475B900BD062E /* PungDeongTests.swift */; };
		0AE5B509280475BA00BD062E /* PungDeongUITests.swift in Sources */ = {isa = PBXBuildFile; fileRef = 0AE5B508280475BA00BD062E /* PungDeongUITests.swift */; };
		0AE5B50B280475BA00BD062E /* PungDeongUITestsLaunchTests.swift in Sources */ = {isa = PBXBuildFile; fileRef = 0AE5B50A280475BA00BD062E /* PungDeongUITestsLaunchTests.swift */; };
		0AE5B5192804767200BD062E /* GoogleSignIn in Frameworks */ = {isa = PBXBuildFile; productRef = 0AE5B5182804767200BD062E /* GoogleSignIn */; };
		0AE5B51C280477E700BD062E /* GoogleService-Info.plist in Resources */ = {isa = PBXBuildFile; fileRef = 0AE5B51B280477E700BD062E /* GoogleService-Info.plist */; };
		0AE5B51F28047A7300BD062E /* FirebaseAnalytics in Frameworks */ = {isa = PBXBuildFile; productRef = 0AE5B51E28047A7300BD062E /* FirebaseAnalytics */; };
		0AE5B52128047A7300BD062E /* FirebaseAnalyticsSwift-Beta in Frameworks */ = {isa = PBXBuildFile; productRef = 0AE5B52028047A7300BD062E /* FirebaseAnalyticsSwift-Beta */; };
		0AE5B52328047A7300BD062E /* FirebaseAnalyticsWithoutAdIdSupport in Frameworks */ = {isa = PBXBuildFile; productRef = 0AE5B52228047A7300BD062E /* FirebaseAnalyticsWithoutAdIdSupport */; };
		0AE5B52528047A7300BD062E /* FirebaseFirestore in Frameworks */ = {isa = PBXBuildFile; productRef = 0AE5B52428047A7300BD062E /* FirebaseFirestore */; };
		0AE5B52728047A7300BD062E /* FirebaseFirestoreCombine-Community in Frameworks */ = {isa = PBXBuildFile; productRef = 0AE5B52628047A7300BD062E /* FirebaseFirestoreCombine-Community */; };
		0AE5B52928047A7300BD062E /* FirebaseFirestoreSwift-Beta in Frameworks */ = {isa = PBXBuildFile; productRef = 0AE5B52828047A7300BD062E /* FirebaseFirestoreSwift-Beta */; };
		0AE5B52B28047A7300BD062E /* FirebaseMessaging in Frameworks */ = {isa = PBXBuildFile; productRef = 0AE5B52A28047A7300BD062E /* FirebaseMessaging */; };
		0AE5B52D28047A7300BD062E /* FirebaseStorage in Frameworks */ = {isa = PBXBuildFile; productRef = 0AE5B52C28047A7300BD062E /* FirebaseStorage */; };
		0AE5B52F28047A7300BD062E /* FirebaseStorageCombine-Community in Frameworks */ = {isa = PBXBuildFile; productRef = 0AE5B52E28047A7300BD062E /* FirebaseStorageCombine-Community */; };
		0AE5B53128047A7300BD062E /* FirebaseStorageSwift-Beta in Frameworks */ = {isa = PBXBuildFile; productRef = 0AE5B53028047A7300BD062E /* FirebaseStorageSwift-Beta */; };
		0AE5B55328047F0100BD062E /* Images in Resources */ = {isa = PBXBuildFile; fileRef = 0AE5B55228047F0100BD062E /* Images */; };
		0AE5B55528047F0B00BD062E /* Font in Resources */ = {isa = PBXBuildFile; fileRef = 0AE5B55428047F0B00BD062E /* Font */; };
		0AE5B55B28047F1900BD062E /* GoogleUserAuthModel.swift in Sources */ = {isa = PBXBuildFile; fileRef = 0AE5B55628047F1900BD062E /* GoogleUserAuthModel.swift */; };
		0AE5B55C28047F1900BD062E /* AppSymbol.swift in Sources */ = {isa = PBXBuildFile; fileRef = 0AE5B55728047F1900BD062E /* AppSymbol.swift */; };
		0AE5B55D28047F1900BD062E /* LogInView.swift in Sources */ = {isa = PBXBuildFile; fileRef = 0AE5B55828047F1900BD062E /* LogInView.swift */; };
		0AE5B55E28047F1900BD062E /* GoogleLogIn.swift in Sources */ = {isa = PBXBuildFile; fileRef = 0AE5B55928047F1900BD062E /* GoogleLogIn.swift */; };
		0AE5B55F28047F1900BD062E /* AppleLogIn.swift in Sources */ = {isa = PBXBuildFile; fileRef = 0AE5B55A28047F1900BD062E /* AppleLogIn.swift */; };
		0AE5B56328047F5000BD062E /* UserInfo.swift in Sources */ = {isa = PBXBuildFile; fileRef = 0AE5B56128047F5000BD062E /* UserInfo.swift */; };
		0AE5B56428047F5000BD062E /* FirebaseDB.swift in Sources */ = {isa = PBXBuildFile; fileRef = 0AE5B56228047F5000BD062E /* FirebaseDB.swift */; };
		0AE5B56728047FEC00BD062E /* Images in Resources */ = {isa = PBXBuildFile; fileRef = 0AE5B56628047FEC00BD062E /* Images */; };
		0AE5B56F28047FF600BD062E /* cardview.swift in Sources */ = {isa = PBXBuildFile; fileRef = 0AE5B56828047FF600BD062E /* cardview.swift */; };
		0AE5B57028047FF600BD062E /* ToolbarImage.swift in Sources */ = {isa = PBXBuildFile; fileRef = 0AE5B56928047FF600BD062E /* ToolbarImage.swift */; };
		0AE5B57128047FF600BD062E /* scrollview_sample.swift in Sources */ = {isa = PBXBuildFile; fileRef = 0AE5B56A28047FF600BD062E /* scrollview_sample.swift */; };
		0AE5B57228047FF600BD062E /* Home-main.swift in Sources */ = {isa = PBXBuildFile; fileRef = 0AE5B56B28047FF600BD062E /* Home-main.swift */; };
		0AE5B57328047FF600BD062E /* ScrollView.swift in Sources */ = {isa = PBXBuildFile; fileRef = 0AE5B56C28047FF600BD062E /* ScrollView.swift */; };
		0AE5B57428047FF600BD062E /* newscreen.swift in Sources */ = {isa = PBXBuildFile; fileRef = 0AE5B56D28047FF600BD062E /* newscreen.swift */; };
		0AE5B57528047FF600BD062E /* HeaderView.swift in Sources */ = {isa = PBXBuildFile; fileRef = 0AE5B56E28047FF600BD062E /* HeaderView.swift */; };
/* End PBXBuildFile section */

/* Begin PBXContainerItemProxy section */
		0AE5B4FB280475B900BD062E /* PBXContainerItemProxy */ = {
			isa = PBXContainerItemProxy;
			containerPortal = 0AE5B4E2280475B800BD062E /* Project object */;
			proxyType = 1;
			remoteGlobalIDString = 0AE5B4E9280475B800BD062E;
			remoteInfo = PungDeong;
		};
		0AE5B505280475BA00BD062E /* PBXContainerItemProxy */ = {
			isa = PBXContainerItemProxy;
			containerPortal = 0AE5B4E2280475B800BD062E /* Project object */;
			proxyType = 1;
			remoteGlobalIDString = 0AE5B4E9280475B800BD062E;
			remoteInfo = PungDeong;
		};
/* End PBXContainerItemProxy section */

/* Begin PBXFileReference section */
		0AE5B4EA280475B800BD062E /* PungDeong.app */ = {isa = PBXFileReference; explicitFileType = wrapper.application; includeInIndex = 0; path = PungDeong.app; sourceTree = BUILT_PRODUCTS_DIR; };
		0AE5B4ED280475B800BD062E /* PungDeongApp.swift */ = {isa = PBXFileReference; lastKnownFileType = sourcecode.swift; path = PungDeongApp.swift; sourceTree = "<group>"; };
		0AE5B4EF280475B800BD062E /* ContentView.swift */ = {isa = PBXFileReference; lastKnownFileType = sourcecode.swift; path = ContentView.swift; sourceTree = "<group>"; };
		0AE5B4F1280475B900BD062E /* Assets.xcassets */ = {isa = PBXFileReference; lastKnownFileType = folder.assetcatalog; path = Assets.xcassets; sourceTree = "<group>"; };
		0AE5B4F4280475B900BD062E /* Preview Assets.xcassets */ = {isa = PBXFileReference; lastKnownFileType = folder.assetcatalog; path = "Preview Assets.xcassets"; sourceTree = "<group>"; };
		0AE5B4FA280475B900BD062E /* PungDeongTests.xctest */ = {isa = PBXFileReference; explicitFileType = wrapper.cfbundle; includeInIndex = 0; path = PungDeongTests.xctest; sourceTree = BUILT_PRODUCTS_DIR; };
		0AE5B4FE280475B900BD062E /* PungDeongTests.swift */ = {isa = PBXFileReference; lastKnownFileType = sourcecode.swift; path = PungDeongTests.swift; sourceTree = "<group>"; };
		0AE5B504280475BA00BD062E /* PungDeongUITests.xctest */ = {isa = PBXFileReference; explicitFileType = wrapper.cfbundle; includeInIndex = 0; path = PungDeongUITests.xctest; sourceTree = BUILT_PRODUCTS_DIR; };
		0AE5B508280475BA00BD062E /* PungDeongUITests.swift */ = {isa = PBXFileReference; lastKnownFileType = sourcecode.swift; path = PungDeongUITests.swift; sourceTree = "<group>"; };
		0AE5B50A280475BA00BD062E /* PungDeongUITestsLaunchTests.swift */ = {isa = PBXFileReference; lastKnownFileType = sourcecode.swift; path = PungDeongUITestsLaunchTests.swift; sourceTree = "<group>"; };
		0AE5B51B280477E700BD062E /* GoogleService-Info.plist */ = {isa = PBXFileReference; fileEncoding = 4; lastKnownFileType = text.plist.xml; path = "GoogleService-Info.plist"; sourceTree = "<group>"; };
		0AE5B53228047BD800BD062E /* Info.plist */ = {isa = PBXFileReference; lastKnownFileType = text.plist; path = Info.plist; sourceTree = "<group>"; };
		0AE5B53328047C5000BD062E /* PungDeong.entitlements */ = {isa = PBXFileReference; lastKnownFileType = text.plist.entitlements; path = PungDeong.entitlements; sourceTree = "<group>"; };
		0AE5B55228047F0100BD062E /* Images */ = {isa = PBXFileReference; lastKnownFileType = folder; path = Images; sourceTree = "<group>"; };
		0AE5B55428047F0B00BD062E /* Font */ = {isa = PBXFileReference; lastKnownFileType = folder; path = Font; sourceTree = "<group>"; };
		0AE5B55628047F1900BD062E /* GoogleUserAuthModel.swift */ = {isa = PBXFileReference; fileEncoding = 4; lastKnownFileType = sourcecode.swift; path = GoogleUserAuthModel.swift; sourceTree = "<group>"; };
		0AE5B55728047F1900BD062E /* AppSymbol.swift */ = {isa = PBXFileReference; fileEncoding = 4; lastKnownFileType = sourcecode.swift; path = AppSymbol.swift; sourceTree = "<group>"; };
		0AE5B55828047F1900BD062E /* LogInView.swift */ = {isa = PBXFileReference; fileEncoding = 4; lastKnownFileType = sourcecode.swift; path = LogInView.swift; sourceTree = "<group>"; };
		0AE5B55928047F1900BD062E /* GoogleLogIn.swift */ = {isa = PBXFileReference; fileEncoding = 4; lastKnownFileType = sourcecode.swift; path = GoogleLogIn.swift; sourceTree = "<group>"; };
		0AE5B55A28047F1900BD062E /* AppleLogIn.swift */ = {isa = PBXFileReference; fileEncoding = 4; lastKnownFileType = sourcecode.swift; path = AppleLogIn.swift; sourceTree = "<group>"; };
		0AE5B56128047F5000BD062E /* UserInfo.swift */ = {isa = PBXFileReference; fileEncoding = 4; lastKnownFileType = sourcecode.swift; path = UserInfo.swift; sourceTree = "<group>"; };
		0AE5B56228047F5000BD062E /* FirebaseDB.swift */ = {isa = PBXFileReference; fileEncoding = 4; lastKnownFileType = sourcecode.swift; path = FirebaseDB.swift; sourceTree = "<group>"; };
		0AE5B56628047FEC00BD062E /* Images */ = {isa = PBXFileReference; lastKnownFileType = folder; path = Images; sourceTree = "<group>"; };
		0AE5B56828047FF600BD062E /* cardview.swift */ = {isa = PBXFileReference; fileEncoding = 4; lastKnownFileType = sourcecode.swift; path = cardview.swift; sourceTree = "<group>"; };
		0AE5B56928047FF600BD062E /* ToolbarImage.swift */ = {isa = PBXFileReference; fileEncoding = 4; lastKnownFileType = sourcecode.swift; path = ToolbarImage.swift; sourceTree = "<group>"; };
		0AE5B56A28047FF600BD062E /* scrollview_sample.swift */ = {isa = PBXFileReference; fileEncoding = 4; lastKnownFileType = sourcecode.swift; path = scrollview_sample.swift; sourceTree = "<group>"; };
		0AE5B56B28047FF600BD062E /* Home-main.swift */ = {isa = PBXFileReference; fileEncoding = 4; lastKnownFileType = sourcecode.swift; path = "Home-main.swift"; sourceTree = "<group>"; };
		0AE5B56C28047FF600BD062E /* ScrollView.swift */ = {isa = PBXFileReference; fileEncoding = 4; lastKnownFileType = sourcecode.swift; path = ScrollView.swift; sourceTree = "<group>"; };
		0AE5B56D28047FF600BD062E /* newscreen.swift */ = {isa = PBXFileReference; fileEncoding = 4; lastKnownFileType = sourcecode.swift; path = newscreen.swift; sourceTree = "<group>"; };
		0AE5B56E28047FF600BD062E /* HeaderView.swift */ = {isa = PBXFileReference; fileEncoding = 4; lastKnownFileType = sourcecode.swift; path = HeaderView.swift; sourceTree = "<group>"; };
/* End PBXFileReference section */

/* Begin PBXFrameworksBuildPhase section */
		0AE5B4E7280475B800BD062E /* Frameworks */ = {
			isa = PBXFrameworksBuildPhase;
			buildActionMask = 2147483647;
			files = (
				0AE5B52B28047A7300BD062E /* FirebaseMessaging in Frameworks */,
				0AE5B52128047A7300BD062E /* FirebaseAnalyticsSwift-Beta in Frameworks */,
				0AE5B52F28047A7300BD062E /* FirebaseStorageCombine-Community in Frameworks */,
				0AE5B52D28047A7300BD062E /* FirebaseStorage in Frameworks */,
				0AE5B51F28047A7300BD062E /* FirebaseAnalytics in Frameworks */,
				0AE5B52928047A7300BD062E /* FirebaseFirestoreSwift-Beta in Frameworks */,
				0AE5B5192804767200BD062E /* GoogleSignIn in Frameworks */,
				0AE5B52728047A7300BD062E /* FirebaseFirestoreCombine-Community in Frameworks */,
				0AE5B52528047A7300BD062E /* FirebaseFirestore in Frameworks */,
				0AE5B53128047A7300BD062E /* FirebaseStorageSwift-Beta in Frameworks */,
				0AE5B52328047A7300BD062E /* FirebaseAnalyticsWithoutAdIdSupport in Frameworks */,
			);
			runOnlyForDeploymentPostprocessing = 0;
		};
		0AE5B4F7280475B900BD062E /* Frameworks */ = {
			isa = PBXFrameworksBuildPhase;
			buildActionMask = 2147483647;
			files = (
			);
			runOnlyForDeploymentPostprocessing = 0;
		};
		0AE5B501280475BA00BD062E /* Frameworks */ = {
			isa = PBXFrameworksBuildPhase;
			buildActionMask = 2147483647;
			files = (
			);
			runOnlyForDeploymentPostprocessing = 0;
		};
/* End PBXFrameworksBuildPhase section */

/* Begin PBXGroup section */
		0AE5B4E1280475B800BD062E = {
			isa = PBXGroup;
			children = (
				0AE5B51B280477E700BD062E /* GoogleService-Info.plist */,
				0AE5B4EC280475B800BD062E /* PungDeong */,
				0AE5B4FD280475B900BD062E /* PungDeongTests */,
				0AE5B507280475BA00BD062E /* PungDeongUITests */,
				0AE5B4EB280475B800BD062E /* Products */,
			);
			sourceTree = "<group>";
		};
		0AE5B4EB280475B800BD062E /* Products */ = {
			isa = PBXGroup;
			children = (
				0AE5B4EA280475B800BD062E /* PungDeong.app */,
				0AE5B4FA280475B900BD062E /* PungDeongTests.xctest */,
				0AE5B504280475BA00BD062E /* PungDeongUITests.xctest */,
			);
			name = Products;
			sourceTree = "<group>";
		};
		0AE5B4EC280475B800BD062E /* PungDeong */ = {
			isa = PBXGroup;
			children = (
				0AE5B56528047FB800BD062E /* Home */,
				0AE5B56028047F4100BD062E /* Firebase */,
				0AE5B55128047EE300BD062E /* LogIn */,
				0AE5B53328047C5000BD062E /* PungDeong.entitlements */,
				0AE5B53228047BD800BD062E /* Info.plist */,
				0AE5B4ED280475B800BD062E /* PungDeongApp.swift */,
				0AE5B4EF280475B800BD062E /* ContentView.swift */,
				0AE5B4F1280475B900BD062E /* Assets.xcassets */,
				0AE5B4F3280475B900BD062E /* Preview Content */,
			);
			path = PungDeong;
			sourceTree = "<group>";
		};
		0AE5B4F3280475B900BD062E /* Preview Content */ = {
			isa = PBXGroup;
			children = (
				0AE5B4F4280475B900BD062E /* Preview Assets.xcassets */,
			);
			path = "Preview Content";
			sourceTree = "<group>";
		};
		0AE5B4FD280475B900BD062E /* PungDeongTests */ = {
			isa = PBXGroup;
			children = (
				0AE5B4FE280475B900BD062E /* PungDeongTests.swift */,
			);
			path = PungDeongTests;
			sourceTree = "<group>";
		};
		0AE5B507280475BA00BD062E /* PungDeongUITests */ = {
			isa = PBXGroup;
			children = (
				0AE5B508280475BA00BD062E /* PungDeongUITests.swift */,
				0AE5B50A280475BA00BD062E /* PungDeongUITestsLaunchTests.swift */,
			);
			path = PungDeongUITests;
			sourceTree = "<group>";
		};
		0AE5B55128047EE300BD062E /* LogIn */ = {
			isa = PBXGroup;
			children = (
				0AE5B55A28047F1900BD062E /* AppleLogIn.swift */,
				0AE5B55728047F1900BD062E /* AppSymbol.swift */,
				0AE5B55928047F1900BD062E /* GoogleLogIn.swift */,
				0AE5B55628047F1900BD062E /* GoogleUserAuthModel.swift */,
				0AE5B55828047F1900BD062E /* LogInView.swift */,
				0AE5B55428047F0B00BD062E /* Font */,
				0AE5B55228047F0100BD062E /* Images */,
			);
			path = LogIn;
			sourceTree = "<group>";
		};
		0AE5B56028047F4100BD062E /* Firebase */ = {
			isa = PBXGroup;
			children = (
				0AE5B56228047F5000BD062E /* FirebaseDB.swift */,
				0AE5B56128047F5000BD062E /* UserInfo.swift */,
			);
			path = Firebase;
			sourceTree = "<group>";
		};
		0AE5B56528047FB800BD062E /* Home */ = {
			isa = PBXGroup;
			children = (
				0AE5B56828047FF600BD062E /* cardview.swift */,
				0AE5B56E28047FF600BD062E /* HeaderView.swift */,
				0AE5B56B28047FF600BD062E /* Home-main.swift */,
				0AE5B56D28047FF600BD062E /* newscreen.swift */,
				0AE5B56A28047FF600BD062E /* scrollview_sample.swift */,
				0AE5B56C28047FF600BD062E /* ScrollView.swift */,
				0AE5B56928047FF600BD062E /* ToolbarImage.swift */,
				0AE5B56628047FEC00BD062E /* Images */,
			);
			path = Home;
			sourceTree = "<group>";
		};
/* End PBXGroup section */

/* Begin PBXNativeTarget section */
		0AE5B4E9280475B800BD062E /* PungDeong */ = {
			isa = PBXNativeTarget;
			buildConfigurationList = 0AE5B50E280475BA00BD062E /* Build configuration list for PBXNativeTarget "PungDeong" */;
			buildPhases = (
				0AE5B4E6280475B800BD062E /* Sources */,
				0AE5B4E7280475B800BD062E /* Frameworks */,
				0AE5B4E8280475B800BD062E /* Resources */,
			);
			buildRules = (
			);
			dependencies = (
			);
			name = PungDeong;
			packageProductDependencies = (
				0AE5B5182804767200BD062E /* GoogleSignIn */,
				0AE5B51E28047A7300BD062E /* FirebaseAnalytics */,
				0AE5B52028047A7300BD062E /* FirebaseAnalyticsSwift-Beta */,
				0AE5B52228047A7300BD062E /* FirebaseAnalyticsWithoutAdIdSupport */,
				0AE5B52428047A7300BD062E /* FirebaseFirestore */,
				0AE5B52628047A7300BD062E /* FirebaseFirestoreCombine-Community */,
				0AE5B52828047A7300BD062E /* FirebaseFirestoreSwift-Beta */,
				0AE5B52A28047A7300BD062E /* FirebaseMessaging */,
				0AE5B52C28047A7300BD062E /* FirebaseStorage */,
				0AE5B52E28047A7300BD062E /* FirebaseStorageCombine-Community */,
				0AE5B53028047A7300BD062E /* FirebaseStorageSwift-Beta */,
			);
			productName = PungDeong;
			productReference = 0AE5B4EA280475B800BD062E /* PungDeong.app */;
			productType = "com.apple.product-type.application";
		};
		0AE5B4F9280475B900BD062E /* PungDeongTests */ = {
			isa = PBXNativeTarget;
			buildConfigurationList = 0AE5B511280475BA00BD062E /* Build configuration list for PBXNativeTarget "PungDeongTests" */;
			buildPhases = (
				0AE5B4F6280475B900BD062E /* Sources */,
				0AE5B4F7280475B900BD062E /* Frameworks */,
				0AE5B4F8280475B900BD062E /* Resources */,
			);
			buildRules = (
			);
			dependencies = (
				0AE5B4FC280475B900BD062E /* PBXTargetDependency */,
			);
			name = PungDeongTests;
			productName = PungDeongTests;
			productReference = 0AE5B4FA280475B900BD062E /* PungDeongTests.xctest */;
			productType = "com.apple.product-type.bundle.unit-test";
		};
		0AE5B503280475BA00BD062E /* PungDeongUITests */ = {
			isa = PBXNativeTarget;
			buildConfigurationList = 0AE5B514280475BA00BD062E /* Build configuration list for PBXNativeTarget "PungDeongUITests" */;
			buildPhases = (
				0AE5B500280475BA00BD062E /* Sources */,
				0AE5B501280475BA00BD062E /* Frameworks */,
				0AE5B502280475BA00BD062E /* Resources */,
			);
			buildRules = (
			);
			dependencies = (
				0AE5B506280475BA00BD062E /* PBXTargetDependency */,
			);
			name = PungDeongUITests;
			productName = PungDeongUITests;
			productReference = 0AE5B504280475BA00BD062E /* PungDeongUITests.xctest */;
			productType = "com.apple.product-type.bundle.ui-testing";
		};
/* End PBXNativeTarget section */

/* Begin PBXProject section */
		0AE5B4E2280475B800BD062E /* Project object */ = {
			isa = PBXProject;
			attributes = {
				BuildIndependentTargetsInParallel = 1;
				LastSwiftUpdateCheck = 1330;
				LastUpgradeCheck = 1330;
				TargetAttributes = {
					0AE5B4E9280475B800BD062E = {
						CreatedOnToolsVersion = 13.3;
					};
					0AE5B4F9280475B900BD062E = {
						CreatedOnToolsVersion = 13.3;
						TestTargetID = 0AE5B4E9280475B800BD062E;
					};
					0AE5B503280475BA00BD062E = {
						CreatedOnToolsVersion = 13.3;
						TestTargetID = 0AE5B4E9280475B800BD062E;
					};
				};
			};
			buildConfigurationList = 0AE5B4E5280475B800BD062E /* Build configuration list for PBXProject "PungDeong" */;
			compatibilityVersion = "Xcode 13.0";
			developmentRegion = en;
			hasScannedForEncodings = 0;
			knownRegions = (
				en,
				Base,
			);
			mainGroup = 0AE5B4E1280475B800BD062E;
			packageReferences = (
				0AE5B5172804767200BD062E /* XCRemoteSwiftPackageReference "GoogleSignIn-iOS" */,
				0AE5B51D28047A7300BD062E /* XCRemoteSwiftPackageReference "firebase-ios-sdk" */,
			);
			productRefGroup = 0AE5B4EB280475B800BD062E /* Products */;
			projectDirPath = "";
			projectRoot = "";
			targets = (
				0AE5B4E9280475B800BD062E /* PungDeong */,
				0AE5B4F9280475B900BD062E /* PungDeongTests */,
				0AE5B503280475BA00BD062E /* PungDeongUITests */,
			);
		};
/* End PBXProject section */

/* Begin PBXResourcesBuildPhase section */
		0AE5B4E8280475B800BD062E /* Resources */ = {
			isa = PBXResourcesBuildPhase;
			buildActionMask = 2147483647;
			files = (
				0AE5B55328047F0100BD062E /* Images in Resources */,
				0AE5B55528047F0B00BD062E /* Font in Resources */,
				0AE5B4F5280475B900BD062E /* Preview Assets.xcassets in Resources */,
				0AE5B4F2280475B900BD062E /* Assets.xcassets in Resources */,
				0AE5B56728047FEC00BD062E /* Images in Resources */,
				0AE5B51C280477E700BD062E /* GoogleService-Info.plist in Resources */,
			);
			runOnlyForDeploymentPostprocessing = 0;
		};
		0AE5B4F8280475B900BD062E /* Resources */ = {
			isa = PBXResourcesBuildPhase;
			buildActionMask = 2147483647;
			files = (
			);
			runOnlyForDeploymentPostprocessing = 0;
		};
		0AE5B502280475BA00BD062E /* Resources */ = {
			isa = PBXResourcesBuildPhase;
			buildActionMask = 2147483647;
			files = (
			);
			runOnlyForDeploymentPostprocessing = 0;
		};
/* End PBXResourcesBuildPhase section */

/* Begin PBXSourcesBuildPhase section */
		0AE5B4E6280475B800BD062E /* Sources */ = {
			isa = PBXSourcesBuildPhase;
			buildActionMask = 2147483647;
			files = (
				0AE5B57428047FF600BD062E /* newscreen.swift in Sources */,
				0AE5B55D28047F1900BD062E /* LogInView.swift in Sources */,
				0AE5B57328047FF600BD062E /* ScrollView.swift in Sources */,
				0AE5B57128047FF600BD062E /* scrollview_sample.swift in Sources */,
				0AE5B57228047FF600BD062E /* Home-main.swift in Sources */,
				0AE5B4F0280475B800BD062E /* ContentView.swift in Sources */,
				0AE5B56F28047FF600BD062E /* cardview.swift in Sources */,
				0AE5B55E28047F1900BD062E /* GoogleLogIn.swift in Sources */,
				0AE5B56428047F5000BD062E /* FirebaseDB.swift in Sources */,
				0AE5B55C28047F1900BD062E /* AppSymbol.swift in Sources */,
				0AE5B56328047F5000BD062E /* UserInfo.swift in Sources */,
				0AE5B55F28047F1900BD062E /* AppleLogIn.swift in Sources */,
				0AE5B4EE280475B800BD062E /* PungDeongApp.swift in Sources */,
				0AE5B57028047FF600BD062E /* ToolbarImage.swift in Sources */,
				0AE5B55B28047F1900BD062E /* GoogleUserAuthModel.swift in Sources */,
				0AE5B57528047FF600BD062E /* HeaderView.swift in Sources */,
			);
			runOnlyForDeploymentPostprocessing = 0;
		};
		0AE5B4F6280475B900BD062E /* Sources */ = {
			isa = PBXSourcesBuildPhase;
			buildActionMask = 2147483647;
			files = (
				0AE5B4FF280475B900BD062E /* PungDeongTests.swift in Sources */,
			);
			runOnlyForDeploymentPostprocessing = 0;
		};
		0AE5B500280475BA00BD062E /* Sources */ = {
			isa = PBXSourcesBuildPhase;
			buildActionMask = 2147483647;
			files = (
				0AE5B50B280475BA00BD062E /* PungDeongUITestsLaunchTests.swift in Sources */,
				0AE5B509280475BA00BD062E /* PungDeongUITests.swift in Sources */,
			);
			runOnlyForDeploymentPostprocessing = 0;
		};
/* End PBXSourcesBuildPhase section */

/* Begin PBXTargetDependency section */
		0AE5B4FC280475B900BD062E /* PBXTargetDependency */ = {
			isa = PBXTargetDependency;
			target = 0AE5B4E9280475B800BD062E /* PungDeong */;
			targetProxy = 0AE5B4FB280475B900BD062E /* PBXContainerItemProxy */;
		};
		0AE5B506280475BA00BD062E /* PBXTargetDependency */ = {
			isa = PBXTargetDependency;
			target = 0AE5B4E9280475B800BD062E /* PungDeong */;
			targetProxy = 0AE5B505280475BA00BD062E /* PBXContainerItemProxy */;
		};
/* End PBXTargetDependency section */

/* Begin XCBuildConfiguration section */
		0AE5B50C280475BA00BD062E /* Debug */ = {
			isa = XCBuildConfiguration;
			buildSettings = {
				ALWAYS_SEARCH_USER_PATHS = NO;
				CLANG_ANALYZER_NONNULL = YES;
				CLANG_ANALYZER_NUMBER_OBJECT_CONVERSION = YES_AGGRESSIVE;
				CLANG_CXX_LANGUAGE_STANDARD = "gnu++17";
				CLANG_ENABLE_MODULES = YES;
				CLANG_ENABLE_OBJC_ARC = YES;
				CLANG_ENABLE_OBJC_WEAK = YES;
				CLANG_WARN_BLOCK_CAPTURE_AUTORELEASING = YES;
				CLANG_WARN_BOOL_CONVERSION = YES;
				CLANG_WARN_COMMA = YES;
				CLANG_WARN_CONSTANT_CONVERSION = YES;
				CLANG_WARN_DEPRECATED_OBJC_IMPLEMENTATIONS = YES;
				CLANG_WARN_DIRECT_OBJC_ISA_USAGE = YES_ERROR;
				CLANG_WARN_DOCUMENTATION_COMMENTS = YES;
				CLANG_WARN_EMPTY_BODY = YES;
				CLANG_WARN_ENUM_CONVERSION = YES;
				CLANG_WARN_INFINITE_RECURSION = YES;
				CLANG_WARN_INT_CONVERSION = YES;
				CLANG_WARN_NON_LITERAL_NULL_CONVERSION = YES;
				CLANG_WARN_OBJC_IMPLICIT_RETAIN_SELF = YES;
				CLANG_WARN_OBJC_LITERAL_CONVERSION = YES;
				CLANG_WARN_OBJC_ROOT_CLASS = YES_ERROR;
				CLANG_WARN_QUOTED_INCLUDE_IN_FRAMEWORK_HEADER = YES;
				CLANG_WARN_RANGE_LOOP_ANALYSIS = YES;
				CLANG_WARN_STRICT_PROTOTYPES = YES;
				CLANG_WARN_SUSPICIOUS_MOVE = YES;
				CLANG_WARN_UNGUARDED_AVAILABILITY = YES_AGGRESSIVE;
				CLANG_WARN_UNREACHABLE_CODE = YES;
				CLANG_WARN__DUPLICATE_METHOD_MATCH = YES;
				COPY_PHASE_STRIP = NO;
				DEBUG_INFORMATION_FORMAT = dwarf;
				ENABLE_STRICT_OBJC_MSGSEND = YES;
				ENABLE_TESTABILITY = YES;
				GCC_C_LANGUAGE_STANDARD = gnu11;
				GCC_DYNAMIC_NO_PIC = NO;
				GCC_NO_COMMON_BLOCKS = YES;
				GCC_OPTIMIZATION_LEVEL = 0;
				GCC_PREPROCESSOR_DEFINITIONS = (
					"DEBUG=1",
					"$(inherited)",
				);
				GCC_WARN_64_TO_32_BIT_CONVERSION = YES;
				GCC_WARN_ABOUT_RETURN_TYPE = YES_ERROR;
				GCC_WARN_UNDECLARED_SELECTOR = YES;
				GCC_WARN_UNINITIALIZED_AUTOS = YES_AGGRESSIVE;
				GCC_WARN_UNUSED_FUNCTION = YES;
				GCC_WARN_UNUSED_VARIABLE = YES;
				IPHONEOS_DEPLOYMENT_TARGET = 15.4;
				MTL_ENABLE_DEBUG_INFO = INCLUDE_SOURCE;
				MTL_FAST_MATH = YES;
				ONLY_ACTIVE_ARCH = YES;
				SDKROOT = iphoneos;
				SWIFT_ACTIVE_COMPILATION_CONDITIONS = DEBUG;
				SWIFT_OPTIMIZATION_LEVEL = "-Onone";
			};
			name = Debug;
		};
		0AE5B50D280475BA00BD062E /* Release */ = {
			isa = XCBuildConfiguration;
			buildSettings = {
				ALWAYS_SEARCH_USER_PATHS = NO;
				CLANG_ANALYZER_NONNULL = YES;
				CLANG_ANALYZER_NUMBER_OBJECT_CONVERSION = YES_AGGRESSIVE;
				CLANG_CXX_LANGUAGE_STANDARD = "gnu++17";
				CLANG_ENABLE_MODULES = YES;
				CLANG_ENABLE_OBJC_ARC = YES;
				CLANG_ENABLE_OBJC_WEAK = YES;
				CLANG_WARN_BLOCK_CAPTURE_AUTORELEASING = YES;
				CLANG_WARN_BOOL_CONVERSION = YES;
				CLANG_WARN_COMMA = YES;
				CLANG_WARN_CONSTANT_CONVERSION = YES;
				CLANG_WARN_DEPRECATED_OBJC_IMPLEMENTATIONS = YES;
				CLANG_WARN_DIRECT_OBJC_ISA_USAGE = YES_ERROR;
				CLANG_WARN_DOCUMENTATION_COMMENTS = YES;
				CLANG_WARN_EMPTY_BODY = YES;
				CLANG_WARN_ENUM_CONVERSION = YES;
				CLANG_WARN_INFINITE_RECURSION = YES;
				CLANG_WARN_INT_CONVERSION = YES;
				CLANG_WARN_NON_LITERAL_NULL_CONVERSION = YES;
				CLANG_WARN_OBJC_IMPLICIT_RETAIN_SELF = YES;
				CLANG_WARN_OBJC_LITERAL_CONVERSION = YES;
				CLANG_WARN_OBJC_ROOT_CLASS = YES_ERROR;
				CLANG_WARN_QUOTED_INCLUDE_IN_FRAMEWORK_HEADER = YES;
				CLANG_WARN_RANGE_LOOP_ANALYSIS = YES;
				CLANG_WARN_STRICT_PROTOTYPES = YES;
				CLANG_WARN_SUSPICIOUS_MOVE = YES;
				CLANG_WARN_UNGUARDED_AVAILABILITY = YES_AGGRESSIVE;
				CLANG_WARN_UNREACHABLE_CODE = YES;
				CLANG_WARN__DUPLICATE_METHOD_MATCH = YES;
				COPY_PHASE_STRIP = NO;
				DEBUG_INFORMATION_FORMAT = "dwarf-with-dsym";
				ENABLE_NS_ASSERTIONS = NO;
				ENABLE_STRICT_OBJC_MSGSEND = YES;
				GCC_C_LANGUAGE_STANDARD = gnu11;
				GCC_NO_COMMON_BLOCKS = YES;
				GCC_WARN_64_TO_32_BIT_CONVERSION = YES;
				GCC_WARN_ABOUT_RETURN_TYPE = YES_ERROR;
				GCC_WARN_UNDECLARED_SELECTOR = YES;
				GCC_WARN_UNINITIALIZED_AUTOS = YES_AGGRESSIVE;
				GCC_WARN_UNUSED_FUNCTION = YES;
				GCC_WARN_UNUSED_VARIABLE = YES;
				IPHONEOS_DEPLOYMENT_TARGET = 15.4;
				MTL_ENABLE_DEBUG_INFO = NO;
				MTL_FAST_MATH = YES;
				SDKROOT = iphoneos;
				SWIFT_COMPILATION_MODE = wholemodule;
				SWIFT_OPTIMIZATION_LEVEL = "-O";
				VALIDATE_PRODUCT = YES;
			};
			name = Release;
		};
		0AE5B50F280475BA00BD062E /* Debug */ = {
			isa = XCBuildConfiguration;
			buildSettings = {
				ASSETCATALOG_COMPILER_APPICON_NAME = AppIcon;
				ASSETCATALOG_COMPILER_GLOBAL_ACCENT_COLOR_NAME = AccentColor;
				CODE_SIGN_ENTITLEMENTS = PungDeong/PungDeong.entitlements;
				CODE_SIGN_STYLE = Automatic;
				CURRENT_PROJECT_VERSION = 1;
				DEVELOPMENT_ASSET_PATHS = "\"PungDeong/Preview Content\"";
				ENABLE_PREVIEWS = YES;
				GENERATE_INFOPLIST_FILE = YES;
				INFOPLIST_FILE = PungDeong/Info.plist;
				INFOPLIST_KEY_UIApplicationSceneManifest_Generation = YES;
				INFOPLIST_KEY_UIApplicationSupportsIndirectInputEvents = YES;
				INFOPLIST_KEY_UILaunchScreen_Generation = YES;
				INFOPLIST_KEY_UISupportedInterfaceOrientations_iPad = "UIInterfaceOrientationPortrait UIInterfaceOrientationPortraitUpsideDown UIInterfaceOrientationLandscapeLeft UIInterfaceOrientationLandscapeRight";
				INFOPLIST_KEY_UISupportedInterfaceOrientations_iPhone = "UIInterfaceOrientationPortrait UIInterfaceOrientationLandscapeLeft UIInterfaceOrientationLandscapeRight";
				LD_RUNPATH_SEARCH_PATHS = (
					"$(inherited)",
					"@executable_path/Frameworks",
				);
				MARKETING_VERSION = 1.0;
				PRODUCT_BUNDLE_IDENTIFIER = com.GBSC.PungDeong;
				PRODUCT_NAME = "$(TARGET_NAME)";
				SWIFT_EMIT_LOC_STRINGS = YES;
				SWIFT_VERSION = 5.0;
				TARGETED_DEVICE_FAMILY = "1,2";
			};
			name = Debug;
		};
		0AE5B510280475BA00BD062E /* Release */ = {
			isa = XCBuildConfiguration;
			buildSettings = {
				ASSETCATALOG_COMPILER_APPICON_NAME = AppIcon;
				ASSETCATALOG_COMPILER_GLOBAL_ACCENT_COLOR_NAME = AccentColor;
				CODE_SIGN_ENTITLEMENTS = PungDeong/PungDeong.entitlements;
				CODE_SIGN_STYLE = Automatic;
				CURRENT_PROJECT_VERSION = 1;
				DEVELOPMENT_ASSET_PATHS = "\"PungDeong/Preview Content\"";
				ENABLE_PREVIEWS = YES;
				GENERATE_INFOPLIST_FILE = YES;
				INFOPLIST_FILE = PungDeong/Info.plist;
				INFOPLIST_KEY_UIApplicationSceneManifest_Generation = YES;
				INFOPLIST_KEY_UIApplicationSupportsIndirectInputEvents = YES;
				INFOPLIST_KEY_UILaunchScreen_Generation = YES;
				INFOPLIST_KEY_UISupportedInterfaceOrientations_iPad = "UIInterfaceOrientationPortrait UIInterfaceOrientationPortraitUpsideDown UIInterfaceOrientationLandscapeLeft UIInterfaceOrientationLandscapeRight";
				INFOPLIST_KEY_UISupportedInterfaceOrientations_iPhone = "UIInterfaceOrientationPortrait UIInterfaceOrientationLandscapeLeft UIInterfaceOrientationLandscapeRight";
				LD_RUNPATH_SEARCH_PATHS = (
					"$(inherited)",
					"@executable_path/Frameworks",
				);
				MARKETING_VERSION = 1.0;
				PRODUCT_BUNDLE_IDENTIFIER = com.GBSC.PungDeong;
				PRODUCT_NAME = "$(TARGET_NAME)";
				SWIFT_EMIT_LOC_STRINGS = YES;
				SWIFT_VERSION = 5.0;
				TARGETED_DEVICE_FAMILY = "1,2";
			};
			name = Release;
		};
		0AE5B512280475BA00BD062E /* Debug */ = {
			isa = XCBuildConfiguration;
			buildSettings = {
				ALWAYS_EMBED_SWIFT_STANDARD_LIBRARIES = YES;
				BUNDLE_LOADER = "$(TEST_HOST)";
				CODE_SIGN_STYLE = Automatic;
				CURRENT_PROJECT_VERSION = 1;
				GENERATE_INFOPLIST_FILE = YES;
				IPHONEOS_DEPLOYMENT_TARGET = 15.4;
				MARKETING_VERSION = 1.0;
				PRODUCT_BUNDLE_IDENTIFIER = com.GBSC.PungDeongTests;
				PRODUCT_NAME = "$(TARGET_NAME)";
				SWIFT_EMIT_LOC_STRINGS = NO;
				SWIFT_VERSION = 5.0;
				TARGETED_DEVICE_FAMILY = "1,2";
				TEST_HOST = "$(BUILT_PRODUCTS_DIR)/PungDeong.app/PungDeong";
			};
			name = Debug;
		};
		0AE5B513280475BA00BD062E /* Release */ = {
			isa = XCBuildConfiguration;
			buildSettings = {
				ALWAYS_EMBED_SWIFT_STANDARD_LIBRARIES = YES;
				BUNDLE_LOADER = "$(TEST_HOST)";
				CODE_SIGN_STYLE = Automatic;
				CURRENT_PROJECT_VERSION = 1;
				GENERATE_INFOPLIST_FILE = YES;
				IPHONEOS_DEPLOYMENT_TARGET = 15.4;
				MARKETING_VERSION = 1.0;
				PRODUCT_BUNDLE_IDENTIFIER = com.GBSC.PungDeongTests;
				PRODUCT_NAME = "$(TARGET_NAME)";
				SWIFT_EMIT_LOC_STRINGS = NO;
				SWIFT_VERSION = 5.0;
				TARGETED_DEVICE_FAMILY = "1,2";
				TEST_HOST = "$(BUILT_PRODUCTS_DIR)/PungDeong.app/PungDeong";
			};
			name = Release;
		};
		0AE5B515280475BA00BD062E /* Debug */ = {
			isa = XCBuildConfiguration;
			buildSettings = {
				ALWAYS_EMBED_SWIFT_STANDARD_LIBRARIES = YES;
				CODE_SIGN_STYLE = Automatic;
				CURRENT_PROJECT_VERSION = 1;
				GENERATE_INFOPLIST_FILE = YES;
				MARKETING_VERSION = 1.0;
				PRODUCT_BUNDLE_IDENTIFIER = com.GBSC.PungDeongUITests;
				PRODUCT_NAME = "$(TARGET_NAME)";
				SWIFT_EMIT_LOC_STRINGS = NO;
				SWIFT_VERSION = 5.0;
				TARGETED_DEVICE_FAMILY = "1,2";
				TEST_TARGET_NAME = PungDeong;
			};
			name = Debug;
		};
		0AE5B516280475BA00BD062E /* Release */ = {
			isa = XCBuildConfiguration;
			buildSettings = {
				ALWAYS_EMBED_SWIFT_STANDARD_LIBRARIES = YES;
				CODE_SIGN_STYLE = Automatic;
				CURRENT_PROJECT_VERSION = 1;
				GENERATE_INFOPLIST_FILE = YES;
				MARKETING_VERSION = 1.0;
				PRODUCT_BUNDLE_IDENTIFIER = com.GBSC.PungDeongUITests;
				PRODUCT_NAME = "$(TARGET_NAME)";
				SWIFT_EMIT_LOC_STRINGS = NO;
				SWIFT_VERSION = 5.0;
				TARGETED_DEVICE_FAMILY = "1,2";
				TEST_TARGET_NAME = PungDeong;
			};
			name = Release;
		};
/* End XCBuildConfiguration section */

/* Begin XCConfigurationList section */
		0AE5B4E5280475B800BD062E /* Build configuration list for PBXProject "PungDeong" */ = {
			isa = XCConfigurationList;
			buildConfigurations = (
				0AE5B50C280475BA00BD062E /* Debug */,
				0AE5B50D280475BA00BD062E /* Release */,
			);
			defaultConfigurationIsVisible = 0;
			defaultConfigurationName = Release;
		};
		0AE5B50E280475BA00BD062E /* Build configuration list for PBXNativeTarget "PungDeong" */ = {
			isa = XCConfigurationList;
			buildConfigurations = (
				0AE5B50F280475BA00BD062E /* Debug */,
				0AE5B510280475BA00BD062E /* Release */,
			);
			defaultConfigurationIsVisible = 0;
			defaultConfigurationName = Release;
		};
		0AE5B511280475BA00BD062E /* Build configuration list for PBXNativeTarget "PungDeongTests" */ = {
			isa = XCConfigurationList;
			buildConfigurations = (
				0AE5B512280475BA00BD062E /* Debug */,
				0AE5B513280475BA00BD062E /* Release */,
			);
			defaultConfigurationIsVisible = 0;
			defaultConfigurationName = Release;
		};
		0AE5B514280475BA00BD062E /* Build configuration list for PBXNativeTarget "PungDeongUITests" */ = {
			isa = XCConfigurationList;
			buildConfigurations = (
				0AE5B515280475BA00BD062E /* Debug */,
				0AE5B516280475BA00BD062E /* Release */,
			);
			defaultConfigurationIsVisible = 0;
			defaultConfigurationName = Release;
		};
/* End XCConfigurationList section */

/* Begin XCRemoteSwiftPackageReference section */
		0AE5B5172804767200BD062E /* XCRemoteSwiftPackageReference "GoogleSignIn-iOS" */ = {
			isa = XCRemoteSwiftPackageReference;
			repositoryURL = "https://github.com/google/GoogleSignIn-iOS";
			requirement = {
				branch = main;
				kind = branch;
			};
		};
		0AE5B51D28047A7300BD062E /* XCRemoteSwiftPackageReference "firebase-ios-sdk" */ = {
			isa = XCRemoteSwiftPackageReference;
			repositoryURL = "https://github.com/firebase/firebase-ios-sdk";
			requirement = {
				kind = upToNextMajorVersion;
				minimumVersion = 8.0.0;
			};
		};
/* End XCRemoteSwiftPackageReference section */

/* Begin XCSwiftPackageProductDependency section */
		0AE5B5182804767200BD062E /* GoogleSignIn */ = {
			isa = XCSwiftPackageProductDependency;
			package = 0AE5B5172804767200BD062E /* XCRemoteSwiftPackageReference "GoogleSignIn-iOS" */;
			productName = GoogleSignIn;
		};
		0AE5B51E28047A7300BD062E /* FirebaseAnalytics */ = {
			isa = XCSwiftPackageProductDependency;
			package = 0AE5B51D28047A7300BD062E /* XCRemoteSwiftPackageReference "firebase-ios-sdk" */;
			productName = FirebaseAnalytics;
		};
		0AE5B52028047A7300BD062E /* FirebaseAnalyticsSwift-Beta */ = {
			isa = XCSwiftPackageProductDependency;
			package = 0AE5B51D28047A7300BD062E /* XCRemoteSwiftPackageReference "firebase-ios-sdk" */;
			productName = "FirebaseAnalyticsSwift-Beta";
		};
		0AE5B52228047A7300BD062E /* FirebaseAnalyticsWithoutAdIdSupport */ = {
			isa = XCSwiftPackageProductDependency;
			package = 0AE5B51D28047A7300BD062E /* XCRemoteSwiftPackageReference "firebase-ios-sdk" */;
			productName = FirebaseAnalyticsWithoutAdIdSupport;
		};
		0AE5B52428047A7300BD062E /* FirebaseFirestore */ = {
			isa = XCSwiftPackageProductDependency;
			package = 0AE5B51D28047A7300BD062E /* XCRemoteSwiftPackageReference "firebase-ios-sdk" */;
			productName = FirebaseFirestore;
		};
		0AE5B52628047A7300BD062E /* FirebaseFirestoreCombine-Community */ = {
			isa = XCSwiftPackageProductDependency;
			package = 0AE5B51D28047A7300BD062E /* XCRemoteSwiftPackageReference "firebase-ios-sdk" */;
			productName = "FirebaseFirestoreCombine-Community";
		};
		0AE5B52828047A7300BD062E /* FirebaseFirestoreSwift-Beta */ = {
			isa = XCSwiftPackageProductDependency;
			package = 0AE5B51D28047A7300BD062E /* XCRemoteSwiftPackageReference "firebase-ios-sdk" */;
			productName = "FirebaseFirestoreSwift-Beta";
		};
		0AE5B52A28047A7300BD062E /* FirebaseMessaging */ = {
			isa = XCSwiftPackageProductDependency;
			package = 0AE5B51D28047A7300BD062E /* XCRemoteSwiftPackageReference "firebase-ios-sdk" */;
			productName = FirebaseMessaging;
		};
		0AE5B52C28047A7300BD062E /* FirebaseStorage */ = {
			isa = XCSwiftPackageProductDependency;
			package = 0AE5B51D28047A7300BD062E /* XCRemoteSwiftPackageReference "firebase-ios-sdk" */;
			productName = FirebaseStorage;
		};
		0AE5B52E28047A7300BD062E /* FirebaseStorageCombine-Community */ = {
			isa = XCSwiftPackageProductDependency;
			package = 0AE5B51D28047A7300BD062E /* XCRemoteSwiftPackageReference "firebase-ios-sdk" */;
			productName = "FirebaseStorageCombine-Community";
		};
		0AE5B53028047A7300BD062E /* FirebaseStorageSwift-Beta */ = {
			isa = XCSwiftPackageProductDependency;
			package = 0AE5B51D28047A7300BD062E /* XCRemoteSwiftPackageReference "firebase-ios-sdk" */;
			productName = "FirebaseStorageSwift-Beta";
		};
/* End XCSwiftPackageProductDependency section */
	};
	rootObject = 0AE5B4E2280475B800BD062E /* Project object */;
}
