// !$*UTF8*$!
{
	archiveVersion = 1;
	classes = {
	};
	objectVersion = 55;
	objects = {

/* Begin PBXBuildFile section */
		0A199A6C280485BE00BDCE14 /* 4.png in Resources */ = {isa = PBXBuildFile; fileRef = 0A199A5C280485BD00BDCE14 /* 4.png */; };
		0A199A6D280485BE00BDCE14 /* 6.png in Resources */ = {isa = PBXBuildFile; fileRef = 0A199A5D280485BE00BDCE14 /* 6.png */; };
		0A199A6E280485BE00BDCE14 /* 8.png in Resources */ = {isa = PBXBuildFile; fileRef = 0A199A5E280485BE00BDCE14 /* 8.png */; };
		0A199A6F280485BE00BDCE14 /* test2.png in Resources */ = {isa = PBXBuildFile; fileRef = 0A199A5F280485BE00BDCE14 /* test2.png */; };
		0A199A70280485BE00BDCE14 /* test3.png in Resources */ = {isa = PBXBuildFile; fileRef = 0A199A60280485BE00BDCE14 /* test3.png */; };
		0A199A71280485BE00BDCE14 /* 7.png in Resources */ = {isa = PBXBuildFile; fileRef = 0A199A61280485BE00BDCE14 /* 7.png */; };
		0A199A72280485BE00BDCE14 /* 12.png in Resources */ = {isa = PBXBuildFile; fileRef = 0A199A62280485BE00BDCE14 /* 12.png */; };
		0A199A73280485BE00BDCE14 /* 5.png in Resources */ = {isa = PBXBuildFile; fileRef = 0A199A63280485BE00BDCE14 /* 5.png */; };
		0A199A74280485BE00BDCE14 /* 2.png in Resources */ = {isa = PBXBuildFile; fileRef = 0A199A64280485BE00BDCE14 /* 2.png */; };
		0A199A75280485BE00BDCE14 /* seal.png in Resources */ = {isa = PBXBuildFile; fileRef = 0A199A65280485BE00BDCE14 /* seal.png */; };
		0A199A76280485BE00BDCE14 /* 3.png in Resources */ = {isa = PBXBuildFile; fileRef = 0A199A66280485BE00BDCE14 /* 3.png */; };
		0A199A77280485BE00BDCE14 /* test1.png in Resources */ = {isa = PBXBuildFile; fileRef = 0A199A67280485BE00BDCE14 /* test1.png */; };
		0A199A78280485BE00BDCE14 /* 11.png in Resources */ = {isa = PBXBuildFile; fileRef = 0A199A68280485BE00BDCE14 /* 11.png */; };
		0A199A79280485BE00BDCE14 /* 1.png in Resources */ = {isa = PBXBuildFile; fileRef = 0A199A69280485BE00BDCE14 /* 1.png */; };
		0A199A7A280485BE00BDCE14 /* 10.png in Resources */ = {isa = PBXBuildFile; fileRef = 0A199A6A280485BE00BDCE14 /* 10.png */; };
		0A199A7B280485BE00BDCE14 /* 9.png in Resources */ = {isa = PBXBuildFile; fileRef = 0A199A6B280485BE00BDCE14 /* 9.png */; };
		0A199A7D280485E400BDCE14 /* google.png in Resources */ = {isa = PBXBuildFile; fileRef = 0A199A7C280485E400BDCE14 /* google.png */; };
		0A199A802804866500BDCE14 /* SwiftUITrackableScrollView in Frameworks */ = {isa = PBXBuildFile; productRef = 0A199A7F2804866500BDCE14 /* SwiftUITrackableScrollView */; };
		0A199A8228048A1900BDCE14 /* logo.png in Resources */ = {isa = PBXBuildFile; fileRef = 0A199A8128048A1900BDCE14 /* logo.png */; };
		0AE5B4EE280475B800BD062E /* PungDeongApp.swift in Sources */ = {isa = PBXBuildFile; fileRef = 0AE5B4ED280475B800BD062E /* PungDeongApp.swift */; };
		0AE5B4F0280475B800BD062E /* ContentView.swift in Sources */ = {isa = PBXBuildFile; fileRef = 0AE5B4EF280475B800BD062E /* ContentView.swift */; };
		0AE5B4F2280475B900BD062E /* Assets.xcassets in Resources */ = {isa = PBXBuildFile; fileRef = 0AE5B4F1280475B900BD062E /* Assets.xcassets */; };
		0AE5B4F5280475B900BD062E /* Preview Assets.xcassets in Resources */ = {isa = PBXBuildFile; fileRef = 0AE5B4F4280475B900BD062E /* Preview Assets.xcassets */; };
		0AE5B4FF280475B900BD062E /* PungDeongTests.swift in Sources */ = {isa = PBXBuildFile; fileRef = 0AE5B4FE280475B900BD062E /* PungDeongTests.swift */; };
		0AE5B509280475BA00BD062E /* PungDeongUITests.swift in Sources */ = {isa = PBXBuildFile; fileRef = 0AE5B508280475BA00BD062E /* PungDeongUITests.swift */; };
		0AE5B50B280475BA00BD062E /* PungDeongUITestsLaunchTests.swift in Sources */ = {isa = PBXBuildFile; fileRef = 0AE5B50A280475BA00BD062E /* PungDeongUITestsLaunchTests.swift */; };
		0AE5B5192804767200BD062E /* GoogleSignIn in Frameworks */ = {isa = PBXBuildFile; productRef = 0AE5B5182804767200BD062E /* GoogleSignIn */; };
		0AE5B51C280477E700BD062E /* GoogleService-Info.plist in Resources */ = {isa = PBXBuildFile; fileRef = 0AE5B51B280477E700BD062E /* GoogleService-Info.plist */; };
		0AE5B51F28047A7300BD062E /* FirebaseAnalytics in Frameworks */ = {isa = PBXBuildFile; productRef = 0AE5B51E28047A7300BD062E /* FirebaseAnalytics */; };
		0AE5B52128047A7300BD062E /* FirebaseAnalyticsSwift-Beta in Frameworks */ = {isa = PBXBuildFile; productRef = 0AE5B52028047A7300BD062E /* FirebaseAnalyticsSwift-Beta */; };
		0AE5B52328047A7300BD062E /* FirebaseAnalyticsWithoutAdIdSupport in Frameworks */ = {isa = PBXBuildFile; productRef = 0AE5B52228047A7300BD062E /* FirebaseAnalyticsWithoutAdIdSupport */; };
		0AE5B52528047A7300BD062E /* FirebaseFirestore in Frameworks */ = {isa = PBXBuildFile; productRef = 0AE5B52428047A7300BD062E /* FirebaseFirestore */; };
		0AE5B52728047A7300BD062E /* FirebaseFirestoreCombine-Community in Frameworks */ = {isa = PBXBuildFile; productRef = 0AE5B52628047A7300BD062E /* FirebaseFirestoreCombine-Community */; };
		0AE5B52928047A7300BD062E /* FirebaseFirestoreSwift-Beta in Frameworks */ = {isa = PBXBuildFile; productRef = 0AE5B52828047A7300BD062E /* FirebaseFirestoreSwift-Beta */; };
		0AE5B52B28047A7300BD062E /* FirebaseMessaging in Frameworks */ = {isa = PBXBuildFile; productRef = 0AE5B52A28047A7300BD062E /* FirebaseMessaging */; };
		0AE5B52D28047A7300BD062E /* FirebaseStorage in Frameworks */ = {isa = PBXBuildFile; productRef = 0AE5B52C28047A7300BD062E /* FirebaseStorage */; };
		0AE5B52F28047A7300BD062E /* FirebaseStorageCombine-Community in Frameworks */ = {isa = PBXBuildFile; productRef = 0AE5B52E28047A7300BD062E /* FirebaseStorageCombine-Community */; };
		0AE5B53128047A7300BD062E /* FirebaseStorageSwift-Beta in Frameworks */ = {isa = PBXBuildFile; productRef = 0AE5B53028047A7300BD062E /* FirebaseStorageSwift-Beta */; };
		0AE5B55528047F0B00BD062E /* Font in Resources */ = {isa = PBXBuildFile; fileRef = 0AE5B55428047F0B00BD062E /* Font */; };
		0AE5B55B28047F1900BD062E /* GoogleUserAuthModel.swift in Sources */ = {isa = PBXBuildFile; fileRef = 0AE5B55628047F1900BD062E /* GoogleUserAuthModel.swift */; };
		0AE5B55C28047F1900BD062E /* AppSymbol.swift in Sources */ = {isa = PBXBuildFile; fileRef = 0AE5B55728047F1900BD062E /* AppSymbol.swift */; };
		0AE5B55D28047F1900BD062E /* LogInView.swift in Sources */ = {isa = PBXBuildFile; fileRef = 0AE5B55828047F1900BD062E /* LogInView.swift */; };
		0AE5B55F28047F1900BD062E /* AppleLogIn.swift in Sources */ = {isa = PBXBuildFile; fileRef = 0AE5B55A28047F1900BD062E /* AppleLogIn.swift */; };
		0AE5B56328047F5000BD062E /* UserInfo.swift in Sources */ = {isa = PBXBuildFile; fileRef = 0AE5B56128047F5000BD062E /* UserInfo.swift */; };
		0AE5B56428047F5000BD062E /* FirebaseDB.swift in Sources */ = {isa = PBXBuildFile; fileRef = 0AE5B56228047F5000BD062E /* FirebaseDB.swift */; };
		0AE5B57B2804802E00BD062E /* TestSet.swift in Sources */ = {isa = PBXBuildFile; fileRef = 0AE5B5772804802E00BD062E /* TestSet.swift */; };
		0AE5B57C2804802E00BD062E /* TestView.swift in Sources */ = {isa = PBXBuildFile; fileRef = 0AE5B5782804802E00BD062E /* TestView.swift */; };
		0AE5B57E2804802E00BD062E /* TestModel.swift in Sources */ = {isa = PBXBuildFile; fileRef = 0AE5B57A2804802E00BD062E /* TestModel.swift */; };
		0AE5B5852804806D00BD062E /* SwiftUIView-nextbutton.swift in Sources */ = {isa = PBXBuildFile; fileRef = 0AE5B5822804806D00BD062E /* SwiftUIView-nextbutton.swift */; };
		0AE5B5862804806D00BD062E /* SwiftUIView-teststartbutton.swift in Sources */ = {isa = PBXBuildFile; fileRef = 0AE5B5832804806D00BD062E /* SwiftUIView-teststartbutton.swift */; };
		C002902928065F60002CA0A7 /* Home-main.swift in Sources */ = {isa = PBXBuildFile; fileRef = C002902828065F60002CA0A7 /* Home-main.swift */; };
		C002902B28065F71002CA0A7 /* GoogleLogIn.swift in Sources */ = {isa = PBXBuildFile; fileRef = C002902A28065F71002CA0A7 /* GoogleLogIn.swift */; };
		C002902F28065F86002CA0A7 /* UserDelete.swift in Sources */ = {isa = PBXBuildFile; fileRef = C002902D28065F86002CA0A7 /* UserDelete.swift */; };
		C002903128065F9D002CA0A7 /* TestResultViewModel.swift in Sources */ = {isa = PBXBuildFile; fileRef = C002903028065F9D002CA0A7 /* TestResultViewModel.swift */; };
		C00290332806675C002CA0A7 /* SwiftUIView-imagescrollview.swift in Sources */ = {isa = PBXBuildFile; fileRef = C00290322806675C002CA0A7 /* SwiftUIView-imagescrollview.swift */; };
		C002903528066773002CA0A7 /* TestPageView.swift in Sources */ = {isa = PBXBuildFile; fileRef = C002903428066773002CA0A7 /* TestPageView.swift */; };
		C05AA88E2806972800AE67F1 /* kakao.png in Resources */ = {isa = PBXBuildFile; fileRef = C05AA88D2806972800AE67F1 /* kakao.png */; };
		C05AA89128069ADD00AE67F1 /* TestResultReview.swift in Sources */ = {isa = PBXBuildFile; fileRef = C05AA88F28069ADD00AE67F1 /* TestResultReview.swift */; };
		C05AA8942806C0AE00AE67F1 /* ProfileView.swift in Sources */ = {isa = PBXBuildFile; fileRef = C05AA8932806C0AE00AE67F1 /* ProfileView.swift */; };
		C0EE3BC528051CD50077F6B4 /* View.swift in Sources */ = {isa = PBXBuildFile; fileRef = C0EE3BBF28051CD50077F6B4 /* View.swift */; };
		C0EE3BC628051CD50077F6B4 /* TestResultView.swift in Sources */ = {isa = PBXBuildFile; fileRef = C0EE3BC028051CD50077F6B4 /* TestResultView.swift */; };
		C0EE3BC728051CD50077F6B4 /* ResultBarView.swift in Sources */ = {isa = PBXBuildFile; fileRef = C0EE3BC128051CD50077F6B4 /* ResultBarView.swift */; };
		C0EE3BC928051CD50077F6B4 /* ResultTopView.swift in Sources */ = {isa = PBXBuildFile; fileRef = C0EE3BC328051CD50077F6B4 /* ResultTopView.swift */; };
		C0EE3BCA28051CD50077F6B4 /* FloatingMenuView.swift in Sources */ = {isa = PBXBuildFile; fileRef = C0EE3BC428051CD50077F6B4 /* FloatingMenuView.swift */; };
		C0EE3BCD2805228E0077F6B4 /* KakaoSDKCommon in Frameworks */ = {isa = PBXBuildFile; productRef = C0EE3BCC2805228E0077F6B4 /* KakaoSDKCommon */; };
		C0EE3BCF2805228E0077F6B4 /* KakaoSDKLink in Frameworks */ = {isa = PBXBuildFile; productRef = C0EE3BCE2805228E0077F6B4 /* KakaoSDKLink */; };
		C0EE3BD12805228E0077F6B4 /* KakaoSDKTemplate in Frameworks */ = {isa = PBXBuildFile; productRef = C0EE3BD02805228E0077F6B4 /* KakaoSDKTemplate */; };
		C0EE3BDA2805267D0077F6B4 /* HeaderView.swift in Sources */ = {isa = PBXBuildFile; fileRef = C0EE3BD42805267C0077F6B4 /* HeaderView.swift */; };
		C0EE3BDB2805267D0077F6B4 /* characters.jpg in Resources */ = {isa = PBXBuildFile; fileRef = C0EE3BD52805267D0077F6B4 /* characters.jpg */; };
		C0EE3BDD2805267D0077F6B4 /* symbol.png in Resources */ = {isa = PBXBuildFile; fileRef = C0EE3BD72805267D0077F6B4 /* symbol.png */; };
		C0EE3BDF2805267D0077F6B4 /* ToolbarImage.swift in Sources */ = {isa = PBXBuildFile; fileRef = C0EE3BD92805267D0077F6B4 /* ToolbarImage.swift */; };
		C0EE3BE5280531550077F6B4 /* test_background.png in Resources */ = {isa = PBXBuildFile; fileRef = C0EE3BE4280531550077F6B4 /* test_background.png */; };
		C0EE3BEB280545070077F6B4 /* RetestButton.swift in Sources */ = {isa = PBXBuildFile; fileRef = C0EE3BEA280545070077F6B4 /* RetestButton.swift */; };
		C0EE3BEF280548F80077F6B4 /* TestResultModel.swift in Sources */ = {isa = PBXBuildFile; fileRef = C0EE3BEE280548F80077F6B4 /* TestResultModel.swift */; };
		C0EE3BF6280564050077F6B4 /* character_1.png in Resources */ = {isa = PBXBuildFile; fileRef = C0EE3BF1280564040077F6B4 /* character_1.png */; };
		C0EE3BF7280564050077F6B4 /* character_5.png in Resources */ = {isa = PBXBuildFile; fileRef = C0EE3BF2280564050077F6B4 /* character_5.png */; };
		C0EE3BF8280564050077F6B4 /* character_4.png in Resources */ = {isa = PBXBuildFile; fileRef = C0EE3BF3280564050077F6B4 /* character_4.png */; };
		C0EE3BF9280564050077F6B4 /* character_3.png in Resources */ = {isa = PBXBuildFile; fileRef = C0EE3BF4280564050077F6B4 /* character_3.png */; };
		C0EE3BFA280564050077F6B4 /* character_2.png in Resources */ = {isa = PBXBuildFile; fileRef = C0EE3BF5280564050077F6B4 /* character_2.png */; };
		E245396F2807F51A00DD3A97 /* TestLogin.swift in Sources */ = {isa = PBXBuildFile; fileRef = E245396E2807F51A00DD3A97 /* TestLogin.swift */; };
/* End PBXBuildFile section */

/* Begin PBXContainerItemProxy section */
		0AE5B4FB280475B900BD062E /* PBXContainerItemProxy */ = {
			isa = PBXContainerItemProxy;
			containerPortal = 0AE5B4E2280475B800BD062E /* Project object */;
			proxyType = 1;
			remoteGlobalIDString = 0AE5B4E9280475B800BD062E;
			remoteInfo = PungDeong;
		};
		0AE5B505280475BA00BD062E /* PBXContainerItemProxy */ = {
			isa = PBXContainerItemProxy;
			containerPortal = 0AE5B4E2280475B800BD062E /* Project object */;
			proxyType = 1;
			remoteGlobalIDString = 0AE5B4E9280475B800BD062E;
			remoteInfo = PungDeong;
		};
/* End PBXContainerItemProxy section */

/* Begin PBXFileReference section */
		0A199A5C280485BD00BDCE14 /* 4.png */ = {isa = PBXFileReference; lastKnownFileType = image.png; path = 4.png; sourceTree = "<group>"; };
		0A199A5D280485BE00BDCE14 /* 6.png */ = {isa = PBXFileReference; lastKnownFileType = image.png; path = 6.png; sourceTree = "<group>"; };
		0A199A5E280485BE00BDCE14 /* 8.png */ = {isa = PBXFileReference; lastKnownFileType = image.png; path = 8.png; sourceTree = "<group>"; };
		0A199A5F280485BE00BDCE14 /* test2.png */ = {isa = PBXFileReference; lastKnownFileType = image.png; path = test2.png; sourceTree = "<group>"; };
		0A199A60280485BE00BDCE14 /* test3.png */ = {isa = PBXFileReference; lastKnownFileType = image.png; path = test3.png; sourceTree = "<group>"; };
		0A199A61280485BE00BDCE14 /* 7.png */ = {isa = PBXFileReference; lastKnownFileType = image.png; path = 7.png; sourceTree = "<group>"; };
		0A199A62280485BE00BDCE14 /* 12.png */ = {isa = PBXFileReference; lastKnownFileType = image.png; path = 12.png; sourceTree = "<group>"; };
		0A199A63280485BE00BDCE14 /* 5.png */ = {isa = PBXFileReference; lastKnownFileType = image.png; path = 5.png; sourceTree = "<group>"; };
		0A199A64280485BE00BDCE14 /* 2.png */ = {isa = PBXFileReference; lastKnownFileType = image.png; path = 2.png; sourceTree = "<group>"; };
		0A199A65280485BE00BDCE14 /* seal.png */ = {isa = PBXFileReference; lastKnownFileType = image.png; path = seal.png; sourceTree = "<group>"; };
		0A199A66280485BE00BDCE14 /* 3.png */ = {isa = PBXFileReference; lastKnownFileType = image.png; path = 3.png; sourceTree = "<group>"; };
		0A199A67280485BE00BDCE14 /* test1.png */ = {isa = PBXFileReference; lastKnownFileType = image.png; path = test1.png; sourceTree = "<group>"; };
		0A199A68280485BE00BDCE14 /* 11.png */ = {isa = PBXFileReference; lastKnownFileType = image.png; path = 11.png; sourceTree = "<group>"; };
		0A199A69280485BE00BDCE14 /* 1.png */ = {isa = PBXFileReference; lastKnownFileType = image.png; path = 1.png; sourceTree = "<group>"; };
		0A199A6A280485BE00BDCE14 /* 10.png */ = {isa = PBXFileReference; lastKnownFileType = image.png; path = 10.png; sourceTree = "<group>"; };
		0A199A6B280485BE00BDCE14 /* 9.png */ = {isa = PBXFileReference; lastKnownFileType = image.png; path = 9.png; sourceTree = "<group>"; };
		0A199A7C280485E400BDCE14 /* google.png */ = {isa = PBXFileReference; lastKnownFileType = image.png; path = google.png; sourceTree = "<group>"; };
		0A199A8128048A1900BDCE14 /* logo.png */ = {isa = PBXFileReference; lastKnownFileType = image.png; path = logo.png; sourceTree = "<group>"; };
		0AE5B4EA280475B800BD062E /* PungDeong.app */ = {isa = PBXFileReference; explicitFileType = wrapper.application; includeInIndex = 0; path = PungDeong.app; sourceTree = BUILT_PRODUCTS_DIR; };
		0AE5B4ED280475B800BD062E /* PungDeongApp.swift */ = {isa = PBXFileReference; lastKnownFileType = sourcecode.swift; path = PungDeongApp.swift; sourceTree = "<group>"; };
		0AE5B4EF280475B800BD062E /* ContentView.swift */ = {isa = PBXFileReference; lastKnownFileType = sourcecode.swift; path = ContentView.swift; sourceTree = "<group>"; };
		0AE5B4F1280475B900BD062E /* Assets.xcassets */ = {isa = PBXFileReference; lastKnownFileType = folder.assetcatalog; path = Assets.xcassets; sourceTree = "<group>"; };
		0AE5B4F4280475B900BD062E /* Preview Assets.xcassets */ = {isa = PBXFileReference; lastKnownFileType = folder.assetcatalog; path = "Preview Assets.xcassets"; sourceTree = "<group>"; };
		0AE5B4FA280475B900BD062E /* PungDeongTests.xctest */ = {isa = PBXFileReference; explicitFileType = wrapper.cfbundle; includeInIndex = 0; path = PungDeongTests.xctest; sourceTree = BUILT_PRODUCTS_DIR; };
		0AE5B4FE280475B900BD062E /* PungDeongTests.swift */ = {isa = PBXFileReference; lastKnownFileType = sourcecode.swift; path = PungDeongTests.swift; sourceTree = "<group>"; };
		0AE5B504280475BA00BD062E /* PungDeongUITests.xctest */ = {isa = PBXFileReference; explicitFileType = wrapper.cfbundle; includeInIndex = 0; path = PungDeongUITests.xctest; sourceTree = BUILT_PRODUCTS_DIR; };
		0AE5B508280475BA00BD062E /* PungDeongUITests.swift */ = {isa = PBXFileReference; lastKnownFileType = sourcecode.swift; path = PungDeongUITests.swift; sourceTree = "<group>"; };
		0AE5B50A280475BA00BD062E /* PungDeongUITestsLaunchTests.swift */ = {isa = PBXFileReference; lastKnownFileType = sourcecode.swift; path = PungDeongUITestsLaunchTests.swift; sourceTree = "<group>"; };
		0AE5B51B280477E700BD062E /* GoogleService-Info.plist */ = {isa = PBXFileReference; fileEncoding = 4; lastKnownFileType = text.plist.xml; path = "GoogleService-Info.plist"; sourceTree = "<group>"; };
		0AE5B53228047BD800BD062E /* Info.plist */ = {isa = PBXFileReference; lastKnownFileType = text.plist; path = Info.plist; sourceTree = "<group>"; };
		0AE5B53328047C5000BD062E /* PungDeong.entitlements */ = {isa = PBXFileReference; lastKnownFileType = text.plist.entitlements; path = PungDeong.entitlements; sourceTree = "<group>"; };
		0AE5B55428047F0B00BD062E /* Font */ = {isa = PBXFileReference; lastKnownFileType = folder; path = Font; sourceTree = "<group>"; };
		0AE5B55628047F1900BD062E /* GoogleUserAuthModel.swift */ = {isa = PBXFileReference; fileEncoding = 4; lastKnownFileType = sourcecode.swift; path = GoogleUserAuthModel.swift; sourceTree = "<group>"; };
		0AE5B55728047F1900BD062E /* AppSymbol.swift */ = {isa = PBXFileReference; fileEncoding = 4; lastKnownFileType = sourcecode.swift; path = AppSymbol.swift; sourceTree = "<group>"; };
		0AE5B55828047F1900BD062E /* LogInView.swift */ = {isa = PBXFileReference; fileEncoding = 4; lastKnownFileType = sourcecode.swift; path = LogInView.swift; sourceTree = "<group>"; };
		0AE5B55A28047F1900BD062E /* AppleLogIn.swift */ = {isa = PBXFileReference; fileEncoding = 4; lastKnownFileType = sourcecode.swift; path = AppleLogIn.swift; sourceTree = "<group>"; };
		0AE5B56128047F5000BD062E /* UserInfo.swift */ = {isa = PBXFileReference; fileEncoding = 4; lastKnownFileType = sourcecode.swift; path = UserInfo.swift; sourceTree = "<group>"; };
		0AE5B56228047F5000BD062E /* FirebaseDB.swift */ = {isa = PBXFileReference; fileEncoding = 4; lastKnownFileType = sourcecode.swift; path = FirebaseDB.swift; sourceTree = "<group>"; };
		0AE5B5772804802E00BD062E /* TestSet.swift */ = {isa = PBXFileReference; fileEncoding = 4; lastKnownFileType = sourcecode.swift; path = TestSet.swift; sourceTree = "<group>"; };
		0AE5B5782804802E00BD062E /* TestView.swift */ = {isa = PBXFileReference; fileEncoding = 4; lastKnownFileType = sourcecode.swift; path = TestView.swift; sourceTree = "<group>"; };
		0AE5B57A2804802E00BD062E /* TestModel.swift */ = {isa = PBXFileReference; fileEncoding = 4; lastKnownFileType = sourcecode.swift; path = TestModel.swift; sourceTree = "<group>"; };
		0AE5B5822804806D00BD062E /* SwiftUIView-nextbutton.swift */ = {isa = PBXFileReference; fileEncoding = 4; lastKnownFileType = sourcecode.swift; path = "SwiftUIView-nextbutton.swift"; sourceTree = "<group>"; };
		0AE5B5832804806D00BD062E /* SwiftUIView-teststartbutton.swift */ = {isa = PBXFileReference; fileEncoding = 4; lastKnownFileType = sourcecode.swift; path = "SwiftUIView-teststartbutton.swift"; sourceTree = "<group>"; };
		C002902828065F60002CA0A7 /* Home-main.swift */ = {isa = PBXFileReference; fileEncoding = 4; lastKnownFileType = sourcecode.swift; path = "Home-main.swift"; sourceTree = "<group>"; };
		C002902A28065F71002CA0A7 /* GoogleLogIn.swift */ = {isa = PBXFileReference; fileEncoding = 4; lastKnownFileType = sourcecode.swift; path = GoogleLogIn.swift; sourceTree = "<group>"; };
		C002902D28065F86002CA0A7 /* UserDelete.swift */ = {isa = PBXFileReference; fileEncoding = 4; lastKnownFileType = sourcecode.swift; path = UserDelete.swift; sourceTree = "<group>"; };
		C002903028065F9D002CA0A7 /* TestResultViewModel.swift */ = {isa = PBXFileReference; fileEncoding = 4; lastKnownFileType = sourcecode.swift; path = TestResultViewModel.swift; sourceTree = "<group>"; };
		C00290322806675C002CA0A7 /* SwiftUIView-imagescrollview.swift */ = {isa = PBXFileReference; fileEncoding = 4; lastKnownFileType = sourcecode.swift; path = "SwiftUIView-imagescrollview.swift"; sourceTree = "<group>"; };
		C002903428066773002CA0A7 /* TestPageView.swift */ = {isa = PBXFileReference; fileEncoding = 4; lastKnownFileType = sourcecode.swift; path = TestPageView.swift; sourceTree = "<group>"; };
		C05AA88D2806972800AE67F1 /* kakao.png */ = {isa = PBXFileReference; lastKnownFileType = image.png; path = kakao.png; sourceTree = "<group>"; };
		C05AA88F28069ADD00AE67F1 /* TestResultReview.swift */ = {isa = PBXFileReference; fileEncoding = 4; lastKnownFileType = sourcecode.swift; path = TestResultReview.swift; sourceTree = "<group>"; };
		C05AA8932806C0AE00AE67F1 /* ProfileView.swift */ = {isa = PBXFileReference; fileEncoding = 4; lastKnownFileType = sourcecode.swift; path = ProfileView.swift; sourceTree = "<group>"; };
		C0EE3BBF28051CD50077F6B4 /* View.swift */ = {isa = PBXFileReference; fileEncoding = 4; lastKnownFileType = sourcecode.swift; path = View.swift; sourceTree = "<group>"; };
		C0EE3BC028051CD50077F6B4 /* TestResultView.swift */ = {isa = PBXFileReference; fileEncoding = 4; lastKnownFileType = sourcecode.swift; path = TestResultView.swift; sourceTree = "<group>"; };
		C0EE3BC128051CD50077F6B4 /* ResultBarView.swift */ = {isa = PBXFileReference; fileEncoding = 4; lastKnownFileType = sourcecode.swift; path = ResultBarView.swift; sourceTree = "<group>"; };
		C0EE3BC328051CD50077F6B4 /* ResultTopView.swift */ = {isa = PBXFileReference; fileEncoding = 4; lastKnownFileType = sourcecode.swift; path = ResultTopView.swift; sourceTree = "<group>"; };
		C0EE3BC428051CD50077F6B4 /* FloatingMenuView.swift */ = {isa = PBXFileReference; fileEncoding = 4; lastKnownFileType = sourcecode.swift; path = FloatingMenuView.swift; sourceTree = "<group>"; };
		C0EE3BD42805267C0077F6B4 /* HeaderView.swift */ = {isa = PBXFileReference; fileEncoding = 4; lastKnownFileType = sourcecode.swift; path = HeaderView.swift; sourceTree = "<group>"; };
		C0EE3BD52805267D0077F6B4 /* characters.jpg */ = {isa = PBXFileReference; lastKnownFileType = image.jpeg; path = characters.jpg; sourceTree = "<group>"; };
		C0EE3BD72805267D0077F6B4 /* symbol.png */ = {isa = PBXFileReference; lastKnownFileType = image.png; path = symbol.png; sourceTree = "<group>"; };
		C0EE3BD92805267D0077F6B4 /* ToolbarImage.swift */ = {isa = PBXFileReference; fileEncoding = 4; lastKnownFileType = sourcecode.swift; path = ToolbarImage.swift; sourceTree = "<group>"; };
		C0EE3BE4280531550077F6B4 /* test_background.png */ = {isa = PBXFileReference; lastKnownFileType = image.png; path = test_background.png; sourceTree = "<group>"; };
		C0EE3BEA280545070077F6B4 /* RetestButton.swift */ = {isa = PBXFileReference; fileEncoding = 4; lastKnownFileType = sourcecode.swift; path = RetestButton.swift; sourceTree = "<group>"; };
		C0EE3BEE280548F80077F6B4 /* TestResultModel.swift */ = {isa = PBXFileReference; lastKnownFileType = sourcecode.swift; path = TestResultModel.swift; sourceTree = "<group>"; };
		C0EE3BF1280564040077F6B4 /* character_1.png */ = {isa = PBXFileReference; lastKnownFileType = image.png; path = character_1.png; sourceTree = "<group>"; };
		C0EE3BF2280564050077F6B4 /* character_5.png */ = {isa = PBXFileReference; lastKnownFileType = image.png; path = character_5.png; sourceTree = "<group>"; };
		C0EE3BF3280564050077F6B4 /* character_4.png */ = {isa = PBXFileReference; lastKnownFileType = image.png; path = character_4.png; sourceTree = "<group>"; };
		C0EE3BF4280564050077F6B4 /* character_3.png */ = {isa = PBXFileReference; lastKnownFileType = image.png; path = character_3.png; sourceTree = "<group>"; };
		C0EE3BF5280564050077F6B4 /* character_2.png */ = {isa = PBXFileReference; lastKnownFileType = image.png; path = character_2.png; sourceTree = "<group>"; };
		E245396E2807F51A00DD3A97 /* TestLogin.swift */ = {isa = PBXFileReference; lastKnownFileType = sourcecode.swift; path = TestLogin.swift; sourceTree = "<group>"; };
/* End PBXFileReference section */

/* Begin PBXFrameworksBuildPhase section */
		0AE5B4E7280475B800BD062E /* Frameworks */ = {
			isa = PBXFrameworksBuildPhase;
			buildActionMask = 2147483647;
			files = (
				C0EE3BCD2805228E0077F6B4 /* KakaoSDKCommon in Frameworks */,
				0A199A802804866500BDCE14 /* SwiftUITrackableScrollView in Frameworks */,
				0AE5B52B28047A7300BD062E /* FirebaseMessaging in Frameworks */,
				C0EE3BCF2805228E0077F6B4 /* KakaoSDKLink in Frameworks */,
				0AE5B52128047A7300BD062E /* FirebaseAnalyticsSwift-Beta in Frameworks */,
				C0EE3BD12805228E0077F6B4 /* KakaoSDKTemplate in Frameworks */,
				0AE5B52F28047A7300BD062E /* FirebaseStorageCombine-Community in Frameworks */,
				0AE5B52D28047A7300BD062E /* FirebaseStorage in Frameworks */,
				0AE5B51F28047A7300BD062E /* FirebaseAnalytics in Frameworks */,
				0AE5B52928047A7300BD062E /* FirebaseFirestoreSwift-Beta in Frameworks */,
				0AE5B5192804767200BD062E /* GoogleSignIn in Frameworks */,
				0AE5B52728047A7300BD062E /* FirebaseFirestoreCombine-Community in Frameworks */,
				0AE5B52528047A7300BD062E /* FirebaseFirestore in Frameworks */,
				0AE5B53128047A7300BD062E /* FirebaseStorageSwift-Beta in Frameworks */,
				0AE5B52328047A7300BD062E /* FirebaseAnalyticsWithoutAdIdSupport in Frameworks */,
			);
			runOnlyForDeploymentPostprocessing = 0;
		};
		0AE5B4F7280475B900BD062E /* Frameworks */ = {
			isa = PBXFrameworksBuildPhase;
			buildActionMask = 2147483647;
			files = (
			);
			runOnlyForDeploymentPostprocessing = 0;
		};
		0AE5B501280475BA00BD062E /* Frameworks */ = {
			isa = PBXFrameworksBuildPhase;
			buildActionMask = 2147483647;
			files = (
			);
			runOnlyForDeploymentPostprocessing = 0;
		};
/* End PBXFrameworksBuildPhase section */

/* Begin PBXGroup section */
		0A199A5A2804859800BDCE14 /* images */ = {
			isa = PBXGroup;
			children = (
				0A199A69280485BE00BDCE14 /* 1.png */,
				0A199A64280485BE00BDCE14 /* 2.png */,
				0A199A66280485BE00BDCE14 /* 3.png */,
				0A199A5C280485BD00BDCE14 /* 4.png */,
				0A199A63280485BE00BDCE14 /* 5.png */,
				0A199A5D280485BE00BDCE14 /* 6.png */,
				0A199A61280485BE00BDCE14 /* 7.png */,
				0A199A5E280485BE00BDCE14 /* 8.png */,
				0A199A6B280485BE00BDCE14 /* 9.png */,
				0A199A6A280485BE00BDCE14 /* 10.png */,
				0A199A68280485BE00BDCE14 /* 11.png */,
				0A199A62280485BE00BDCE14 /* 12.png */,
				0A199A65280485BE00BDCE14 /* seal.png */,
				0A199A67280485BE00BDCE14 /* test1.png */,
				0A199A5F280485BE00BDCE14 /* test2.png */,
				0A199A60280485BE00BDCE14 /* test3.png */,
			);
			path = images;
			sourceTree = "<group>";
		};
		0A199A5B280485A500BDCE14 /* image */ = {
			isa = PBXGroup;
			children = (
				0A199A8128048A1900BDCE14 /* logo.png */,
				0A199A7C280485E400BDCE14 /* google.png */,
			);
			path = image;
			sourceTree = "<group>";
		};
		0AE5B4E1280475B800BD062E = {
			isa = PBXGroup;
			children = (
				0AE5B51B280477E700BD062E /* GoogleService-Info.plist */,
				0AE5B4EC280475B800BD062E /* PungDeong */,
				0AE5B4FD280475B900BD062E /* PungDeongTests */,
				0AE5B507280475BA00BD062E /* PungDeongUITests */,
				0AE5B4EB280475B800BD062E /* Products */,
			);
			sourceTree = "<group>";
		};
		0AE5B4EB280475B800BD062E /* Products */ = {
			isa = PBXGroup;
			children = (
				0AE5B4EA280475B800BD062E /* PungDeong.app */,
				0AE5B4FA280475B900BD062E /* PungDeongTests.xctest */,
				0AE5B504280475BA00BD062E /* PungDeongUITests.xctest */,
			);
			name = Products;
			sourceTree = "<group>";
		};
		0AE5B4EC280475B800BD062E /* PungDeong */ = {
			isa = PBXGroup;
			children = (
				0AE5B588280482CA00BD062E /* Settings */,
				0AE5B57F2804805100BD062E /* TestDescription */,
				0AE5B5762804802100BD062E /* Test */,
				0AE5B56528047FB800BD062E /* Home */,
				0AE5B56028047F4100BD062E /* Firebase */,
				C0EE3BBE28051CD50077F6B4 /* TestResult */,
				0AE5B55128047EE300BD062E /* LogIn */,
				0AE5B53328047C5000BD062E /* PungDeong.entitlements */,
				0AE5B53228047BD800BD062E /* Info.plist */,
				0AE5B4ED280475B800BD062E /* PungDeongApp.swift */,
				0AE5B4EF280475B800BD062E /* ContentView.swift */,
				0AE5B4F1280475B900BD062E /* Assets.xcassets */,
				0AE5B4F3280475B900BD062E /* Preview Content */,
			);
			path = PungDeong;
			sourceTree = "<group>";
		};
		0AE5B4F3280475B900BD062E /* Preview Content */ = {
			isa = PBXGroup;
			children = (
				0AE5B4F4280475B900BD062E /* Preview Assets.xcassets */,
			);
			path = "Preview Content";
			sourceTree = "<group>";
		};
		0AE5B4FD280475B900BD062E /* PungDeongTests */ = {
			isa = PBXGroup;
			children = (
				0AE5B4FE280475B900BD062E /* PungDeongTests.swift */,
			);
			path = PungDeongTests;
			sourceTree = "<group>";
		};
		0AE5B507280475BA00BD062E /* PungDeongUITests */ = {
			isa = PBXGroup;
			children = (
				0AE5B508280475BA00BD062E /* PungDeongUITests.swift */,
				0AE5B50A280475BA00BD062E /* PungDeongUITestsLaunchTests.swift */,
			);
			path = PungDeongUITests;
			sourceTree = "<group>";
		};
		0AE5B55128047EE300BD062E /* LogIn */ = {
			isa = PBXGroup;
			children = (
				0A199A5B280485A500BDCE14 /* image */,
				0AE5B55A28047F1900BD062E /* AppleLogIn.swift */,
				0AE5B55728047F1900BD062E /* AppSymbol.swift */,
				0AE5B55628047F1900BD062E /* GoogleUserAuthModel.swift */,
				C002902A28065F71002CA0A7 /* GoogleLogIn.swift */,
				0AE5B55828047F1900BD062E /* LogInView.swift */,
				0AE5B55428047F0B00BD062E /* Font */,
				E245396E2807F51A00DD3A97 /* TestLogin.swift */,
			);
			path = LogIn;
			sourceTree = "<group>";
		};
		0AE5B56028047F4100BD062E /* Firebase */ = {
			isa = PBXGroup;
			children = (
				0AE5B56228047F5000BD062E /* FirebaseDB.swift */,
				0AE5B56128047F5000BD062E /* UserInfo.swift */,
			);
			path = Firebase;
			sourceTree = "<group>";
		};
		0AE5B56528047FB800BD062E /* Home */ = {
			isa = PBXGroup;
			children = (
				C0EE3BD52805267D0077F6B4 /* characters.jpg */,
				C0EE3BD72805267D0077F6B4 /* symbol.png */,
				C0EE3BD42805267C0077F6B4 /* HeaderView.swift */,
				C002902828065F60002CA0A7 /* Home-main.swift */,
				C0EE3BEA280545070077F6B4 /* RetestButton.swift */,
				C0EE3BD92805267D0077F6B4 /* ToolbarImage.swift */,
			);
			path = Home;
			sourceTree = "<group>";
		};
		0AE5B5762804802100BD062E /* Test */ = {
			isa = PBXGroup;
			children = (
				0AE5B57A2804802E00BD062E /* TestModel.swift */,
				0AE5B5772804802E00BD062E /* TestSet.swift */,
				C002903428066773002CA0A7 /* TestPageView.swift */,
				0AE5B5782804802E00BD062E /* TestView.swift */,
				C0EE3BE4280531550077F6B4 /* test_background.png */,
			);
			path = Test;
			sourceTree = "<group>";
		};
		0AE5B57F2804805100BD062E /* TestDescription */ = {
			isa = PBXGroup;
			children = (
				0A199A5A2804859800BDCE14 /* images */,
				C00290322806675C002CA0A7 /* SwiftUIView-imagescrollview.swift */,
				0AE5B5822804806D00BD062E /* SwiftUIView-nextbutton.swift */,
				0AE5B5832804806D00BD062E /* SwiftUIView-teststartbutton.swift */,
			);
			path = TestDescription;
			sourceTree = "<group>";
		};
		0AE5B588280482CA00BD062E /* Settings */ = {
			isa = PBXGroup;
			children = (
				C05AA8932806C0AE00AE67F1 /* ProfileView.swift */,
				C05AA88F28069ADD00AE67F1 /* TestResultReview.swift */,
				C002902D28065F86002CA0A7 /* UserDelete.swift */,
			);
			path = Settings;
			sourceTree = "<group>";
		};
		C0EE3BBE28051CD50077F6B4 /* TestResult */ = {
			isa = PBXGroup;
			children = (
				C0EE3BF0280563F70077F6B4 /* images */,
				C0EE3BBF28051CD50077F6B4 /* View.swift */,
				C0EE3BEE280548F80077F6B4 /* TestResultModel.swift */,
				C002903028065F9D002CA0A7 /* TestResultViewModel.swift */,
				C0EE3BC028051CD50077F6B4 /* TestResultView.swift */,
				C0EE3BC328051CD50077F6B4 /* ResultTopView.swift */,
				C0EE3BC128051CD50077F6B4 /* ResultBarView.swift */,
				C0EE3BC428051CD50077F6B4 /* FloatingMenuView.swift */,
			);
			path = TestResult;
			sourceTree = "<group>";
		};
		C0EE3BF0280563F70077F6B4 /* images */ = {
			isa = PBXGroup;
			children = (
				C05AA88D2806972800AE67F1 /* kakao.png */,
				C0EE3BF1280564040077F6B4 /* character_1.png */,
				C0EE3BF5280564050077F6B4 /* character_2.png */,
				C0EE3BF4280564050077F6B4 /* character_3.png */,
				C0EE3BF3280564050077F6B4 /* character_4.png */,
				C0EE3BF2280564050077F6B4 /* character_5.png */,
			);
			path = images;
			sourceTree = "<group>";
		};
/* End PBXGroup section */

/* Begin PBXNativeTarget section */
		0AE5B4E9280475B800BD062E /* PungDeong */ = {
			isa = PBXNativeTarget;
			buildConfigurationList = 0AE5B50E280475BA00BD062E /* Build configuration list for PBXNativeTarget "PungDeong" */;
			buildPhases = (
				0AE5B4E6280475B800BD062E /* Sources */,
				0AE5B4E7280475B800BD062E /* Frameworks */,
				0AE5B4E8280475B800BD062E /* Resources */,
			);
			buildRules = (
			);
			dependencies = (
			);
			name = PungDeong;
			packageProductDependencies = (
				0AE5B5182804767200BD062E /* GoogleSignIn */,
				0AE5B51E28047A7300BD062E /* FirebaseAnalytics */,
				0AE5B52028047A7300BD062E /* FirebaseAnalyticsSwift-Beta */,
				0AE5B52228047A7300BD062E /* FirebaseAnalyticsWithoutAdIdSupport */,
				0AE5B52428047A7300BD062E /* FirebaseFirestore */,
				0AE5B52628047A7300BD062E /* FirebaseFirestoreCombine-Community */,
				0AE5B52828047A7300BD062E /* FirebaseFirestoreSwift-Beta */,
				0AE5B52A28047A7300BD062E /* FirebaseMessaging */,
				0AE5B52C28047A7300BD062E /* FirebaseStorage */,
				0AE5B52E28047A7300BD062E /* FirebaseStorageCombine-Community */,
				0AE5B53028047A7300BD062E /* FirebaseStorageSwift-Beta */,
				0A199A7F2804866500BDCE14 /* SwiftUITrackableScrollView */,
				C0EE3BCC2805228E0077F6B4 /* KakaoSDKCommon */,
				C0EE3BCE2805228E0077F6B4 /* KakaoSDKLink */,
				C0EE3BD02805228E0077F6B4 /* KakaoSDKTemplate */,
			);
			productName = PungDeong;
			productReference = 0AE5B4EA280475B800BD062E /* PungDeong.app */;
			productType = "com.apple.product-type.application";
		};
		0AE5B4F9280475B900BD062E /* PungDeongTests */ = {
			isa = PBXNativeTarget;
			buildConfigurationList = 0AE5B511280475BA00BD062E /* Build configuration list for PBXNativeTarget "PungDeongTests" */;
			buildPhases = (
				0AE5B4F6280475B900BD062E /* Sources */,
				0AE5B4F7280475B900BD062E /* Frameworks */,
				0AE5B4F8280475B900BD062E /* Resources */,
			);
			buildRules = (
			);
			dependencies = (
				0AE5B4FC280475B900BD062E /* PBXTargetDependency */,
			);
			name = PungDeongTests;
			productName = PungDeongTests;
			productReference = 0AE5B4FA280475B900BD062E /* PungDeongTests.xctest */;
			productType = "com.apple.product-type.bundle.unit-test";
		};
		0AE5B503280475BA00BD062E /* PungDeongUITests */ = {
			isa = PBXNativeTarget;
			buildConfigurationList = 0AE5B514280475BA00BD062E /* Build configuration list for PBXNativeTarget "PungDeongUITests" */;
			buildPhases = (
				0AE5B500280475BA00BD062E /* Sources */,
				0AE5B501280475BA00BD062E /* Frameworks */,
				0AE5B502280475BA00BD062E /* Resources */,
			);
			buildRules = (
			);
			dependencies = (
				0AE5B506280475BA00BD062E /* PBXTargetDependency */,
			);
			name = PungDeongUITests;
			productName = PungDeongUITests;
			productReference = 0AE5B504280475BA00BD062E /* PungDeongUITests.xctest */;
			productType = "com.apple.product-type.bundle.ui-testing";
		};
/* End PBXNativeTarget section */

/* Begin PBXProject section */
		0AE5B4E2280475B800BD062E /* Project object */ = {
			isa = PBXProject;
			attributes = {
				BuildIndependentTargetsInParallel = 1;
				LastSwiftUpdateCheck = 1330;
				LastUpgradeCheck = 1330;
				TargetAttributes = {
					0AE5B4E9280475B800BD062E = {
						CreatedOnToolsVersion = 13.3;
					};
					0AE5B4F9280475B900BD062E = {
						CreatedOnToolsVersion = 13.3;
						TestTargetID = 0AE5B4E9280475B800BD062E;
					};
					0AE5B503280475BA00BD062E = {
						CreatedOnToolsVersion = 13.3;
						TestTargetID = 0AE5B4E9280475B800BD062E;
					};
				};
			};
			buildConfigurationList = 0AE5B4E5280475B800BD062E /* Build configuration list for PBXProject "PungDeong" */;
			compatibilityVersion = "Xcode 13.0";
			developmentRegion = en;
			hasScannedForEncodings = 0;
			knownRegions = (
				en,
				Base,
			);
			mainGroup = 0AE5B4E1280475B800BD062E;
			packageReferences = (
				0AE5B5172804767200BD062E /* XCRemoteSwiftPackageReference "GoogleSignIn-iOS" */,
				0AE5B51D28047A7300BD062E /* XCRemoteSwiftPackageReference "firebase-ios-sdk" */,
				0A199A7E2804866500BDCE14 /* XCRemoteSwiftPackageReference "trackable-scroll-view" */,
				C0EE3BCB2805228E0077F6B4 /* XCRemoteSwiftPackageReference "kakao-ios-sdk" */,
			);
			productRefGroup = 0AE5B4EB280475B800BD062E /* Products */;
			projectDirPath = "";
			projectRoot = "";
			targets = (
				0AE5B4E9280475B800BD062E /* PungDeong */,
				0AE5B4F9280475B900BD062E /* PungDeongTests */,
				0AE5B503280475BA00BD062E /* PungDeongUITests */,
			);
		};
/* End PBXProject section */

/* Begin PBXResourcesBuildPhase section */
		0AE5B4E8280475B800BD062E /* Resources */ = {
			isa = PBXResourcesBuildPhase;
			buildActionMask = 2147483647;
			files = (
				C0EE3BDB2805267D0077F6B4 /* characters.jpg in Resources */,
				0A199A7A280485BE00BDCE14 /* 10.png in Resources */,
				C0EE3BE5280531550077F6B4 /* test_background.png in Resources */,
				C0EE3BF7280564050077F6B4 /* character_5.png in Resources */,
				C0EE3BF6280564050077F6B4 /* character_1.png in Resources */,
				0A199A6C280485BE00BDCE14 /* 4.png in Resources */,
				0AE5B55528047F0B00BD062E /* Font in Resources */,
				0A199A8228048A1900BDCE14 /* logo.png in Resources */,
				0A199A6F280485BE00BDCE14 /* test2.png in Resources */,
				0AE5B4F5280475B900BD062E /* Preview Assets.xcassets in Resources */,
				0AE5B4F2280475B900BD062E /* Assets.xcassets in Resources */,
				0A199A6D280485BE00BDCE14 /* 6.png in Resources */,
				0A199A78280485BE00BDCE14 /* 11.png in Resources */,
				C0EE3BDD2805267D0077F6B4 /* symbol.png in Resources */,
				0A199A79280485BE00BDCE14 /* 1.png in Resources */,
				0A199A72280485BE00BDCE14 /* 12.png in Resources */,
				0A199A6E280485BE00BDCE14 /* 8.png in Resources */,
				0A199A76280485BE00BDCE14 /* 3.png in Resources */,
				0A199A7B280485BE00BDCE14 /* 9.png in Resources */,
				0AE5B51C280477E700BD062E /* GoogleService-Info.plist in Resources */,
				0A199A77280485BE00BDCE14 /* test1.png in Resources */,
				C0EE3BFA280564050077F6B4 /* character_2.png in Resources */,
				C0EE3BF9280564050077F6B4 /* character_3.png in Resources */,
				0A199A73280485BE00BDCE14 /* 5.png in Resources */,
				C0EE3BF8280564050077F6B4 /* character_4.png in Resources */,
				0A199A75280485BE00BDCE14 /* seal.png in Resources */,
				0A199A74280485BE00BDCE14 /* 2.png in Resources */,
				0A199A70280485BE00BDCE14 /* test3.png in Resources */,
				0A199A7D280485E400BDCE14 /* google.png in Resources */,
				0A199A71280485BE00BDCE14 /* 7.png in Resources */,
				C05AA88E2806972800AE67F1 /* kakao.png in Resources */,
			);
			runOnlyForDeploymentPostprocessing = 0;
		};
		0AE5B4F8280475B900BD062E /* Resources */ = {
			isa = PBXResourcesBuildPhase;
			buildActionMask = 2147483647;
			files = (
			);
			runOnlyForDeploymentPostprocessing = 0;
		};
		0AE5B502280475BA00BD062E /* Resources */ = {
			isa = PBXResourcesBuildPhase;
			buildActionMask = 2147483647;
			files = (
			);
			runOnlyForDeploymentPostprocessing = 0;
		};
/* End PBXResourcesBuildPhase section */

/* Begin PBXSourcesBuildPhase section */
		0AE5B4E6280475B800BD062E /* Sources */ = {
			isa = PBXSourcesBuildPhase;
			buildActionMask = 2147483647;
			files = (
				C0EE3BCA28051CD50077F6B4 /* FloatingMenuView.swift in Sources */,
				C0EE3BC628051CD50077F6B4 /* TestResultView.swift in Sources */,
				C002902B28065F71002CA0A7 /* GoogleLogIn.swift in Sources */,
				E245396F2807F51A00DD3A97 /* TestLogin.swift in Sources */,
				0AE5B55D28047F1900BD062E /* LogInView.swift in Sources */,
				0AE5B4F0280475B800BD062E /* ContentView.swift in Sources */,
				0AE5B57E2804802E00BD062E /* TestModel.swift in Sources */,
				0AE5B57C2804802E00BD062E /* TestView.swift in Sources */,
				C0EE3BDA2805267D0077F6B4 /* HeaderView.swift in Sources */,
				C0EE3BEB280545070077F6B4 /* RetestButton.swift in Sources */,
				0AE5B56428047F5000BD062E /* FirebaseDB.swift in Sources */,
				0AE5B55C28047F1900BD062E /* AppSymbol.swift in Sources */,
				0AE5B56328047F5000BD062E /* UserInfo.swift in Sources */,
				0AE5B55F28047F1900BD062E /* AppleLogIn.swift in Sources */,
				C002903128065F9D002CA0A7 /* TestResultViewModel.swift in Sources */,
				0AE5B57B2804802E00BD062E /* TestSet.swift in Sources */,
				C00290332806675C002CA0A7 /* SwiftUIView-imagescrollview.swift in Sources */,
				C05AA89128069ADD00AE67F1 /* TestResultReview.swift in Sources */,
				C0EE3BDF2805267D0077F6B4 /* ToolbarImage.swift in Sources */,
				C0EE3BEF280548F80077F6B4 /* TestResultModel.swift in Sources */,
				C0EE3BC728051CD50077F6B4 /* ResultBarView.swift in Sources */,
				C002902928065F60002CA0A7 /* Home-main.swift in Sources */,
				C002902F28065F86002CA0A7 /* UserDelete.swift in Sources */,
				C05AA8942806C0AE00AE67F1 /* ProfileView.swift in Sources */,
				C0EE3BC928051CD50077F6B4 /* ResultTopView.swift in Sources */,
				0AE5B4EE280475B800BD062E /* PungDeongApp.swift in Sources */,
				0AE5B5852804806D00BD062E /* SwiftUIView-nextbutton.swift in Sources */,
				0AE5B55B28047F1900BD062E /* GoogleUserAuthModel.swift in Sources */,
				C002903528066773002CA0A7 /* TestPageView.swift in Sources */,
				C0EE3BC528051CD50077F6B4 /* View.swift in Sources */,
				0AE5B5862804806D00BD062E /* SwiftUIView-teststartbutton.swift in Sources */,
			);
			runOnlyForDeploymentPostprocessing = 0;
		};
		0AE5B4F6280475B900BD062E /* Sources */ = {
			isa = PBXSourcesBuildPhase;
			buildActionMask = 2147483647;
			files = (
				0AE5B4FF280475B900BD062E /* PungDeongTests.swift in Sources */,
			);
			runOnlyForDeploymentPostprocessing = 0;
		};
		0AE5B500280475BA00BD062E /* Sources */ = {
			isa = PBXSourcesBuildPhase;
			buildActionMask = 2147483647;
			files = (
				0AE5B50B280475BA00BD062E /* PungDeongUITestsLaunchTests.swift in Sources */,
				0AE5B509280475BA00BD062E /* PungDeongUITests.swift in Sources */,
			);
			runOnlyForDeploymentPostprocessing = 0;
		};
/* End PBXSourcesBuildPhase section */

/* Begin PBXTargetDependency section */
		0AE5B4FC280475B900BD062E /* PBXTargetDependency */ = {
			isa = PBXTargetDependency;
			target = 0AE5B4E9280475B800BD062E /* PungDeong */;
			targetProxy = 0AE5B4FB280475B900BD062E /* PBXContainerItemProxy */;
		};
		0AE5B506280475BA00BD062E /* PBXTargetDependency */ = {
			isa = PBXTargetDependency;
			target = 0AE5B4E9280475B800BD062E /* PungDeong */;
			targetProxy = 0AE5B505280475BA00BD062E /* PBXContainerItemProxy */;
		};
/* End PBXTargetDependency section */

/* Begin XCBuildConfiguration section */
		0AE5B50C280475BA00BD062E /* Debug */ = {
			isa = XCBuildConfiguration;
			buildSettings = {
				ALWAYS_SEARCH_USER_PATHS = NO;
				CLANG_ANALYZER_NONNULL = YES;
				CLANG_ANALYZER_NUMBER_OBJECT_CONVERSION = YES_AGGRESSIVE;
				CLANG_CXX_LANGUAGE_STANDARD = "gnu++17";
				CLANG_ENABLE_MODULES = YES;
				CLANG_ENABLE_OBJC_ARC = YES;
				CLANG_ENABLE_OBJC_WEAK = YES;
				CLANG_WARN_BLOCK_CAPTURE_AUTORELEASING = YES;
				CLANG_WARN_BOOL_CONVERSION = YES;
				CLANG_WARN_COMMA = YES;
				CLANG_WARN_CONSTANT_CONVERSION = YES;
				CLANG_WARN_DEPRECATED_OBJC_IMPLEMENTATIONS = YES;
				CLANG_WARN_DIRECT_OBJC_ISA_USAGE = YES_ERROR;
				CLANG_WARN_DOCUMENTATION_COMMENTS = YES;
				CLANG_WARN_EMPTY_BODY = YES;
				CLANG_WARN_ENUM_CONVERSION = YES;
				CLANG_WARN_INFINITE_RECURSION = YES;
				CLANG_WARN_INT_CONVERSION = YES;
				CLANG_WARN_NON_LITERAL_NULL_CONVERSION = YES;
				CLANG_WARN_OBJC_IMPLICIT_RETAIN_SELF = YES;
				CLANG_WARN_OBJC_LITERAL_CONVERSION = YES;
				CLANG_WARN_OBJC_ROOT_CLASS = YES_ERROR;
				CLANG_WARN_QUOTED_INCLUDE_IN_FRAMEWORK_HEADER = YES;
				CLANG_WARN_RANGE_LOOP_ANALYSIS = YES;
				CLANG_WARN_STRICT_PROTOTYPES = YES;
				CLANG_WARN_SUSPICIOUS_MOVE = YES;
				CLANG_WARN_UNGUARDED_AVAILABILITY = YES_AGGRESSIVE;
				CLANG_WARN_UNREACHABLE_CODE = YES;
				CLANG_WARN__DUPLICATE_METHOD_MATCH = YES;
				COPY_PHASE_STRIP = NO;
				DEBUG_INFORMATION_FORMAT = dwarf;
				ENABLE_STRICT_OBJC_MSGSEND = YES;
				ENABLE_TESTABILITY = YES;
				GCC_C_LANGUAGE_STANDARD = gnu11;
				GCC_DYNAMIC_NO_PIC = NO;
				GCC_NO_COMMON_BLOCKS = YES;
				GCC_OPTIMIZATION_LEVEL = 0;
				GCC_PREPROCESSOR_DEFINITIONS = (
					"DEBUG=1",
					"$(inherited)",
				);
				GCC_WARN_64_TO_32_BIT_CONVERSION = YES;
				GCC_WARN_ABOUT_RETURN_TYPE = YES_ERROR;
				GCC_WARN_UNDECLARED_SELECTOR = YES;
				GCC_WARN_UNINITIALIZED_AUTOS = YES_AGGRESSIVE;
				GCC_WARN_UNUSED_FUNCTION = YES;
				GCC_WARN_UNUSED_VARIABLE = YES;
				IPHONEOS_DEPLOYMENT_TARGET = 15.4;
				MTL_ENABLE_DEBUG_INFO = INCLUDE_SOURCE;
				MTL_FAST_MATH = YES;
				ONLY_ACTIVE_ARCH = YES;
				SDKROOT = iphoneos;
				SWIFT_ACTIVE_COMPILATION_CONDITIONS = DEBUG;
				SWIFT_OPTIMIZATION_LEVEL = "-Onone";
			};
			name = Debug;
		};
		0AE5B50D280475BA00BD062E /* Release */ = {
			isa = XCBuildConfiguration;
			buildSettings = {
				ALWAYS_SEARCH_USER_PATHS = NO;
				CLANG_ANALYZER_NONNULL = YES;
				CLANG_ANALYZER_NUMBER_OBJECT_CONVERSION = YES_AGGRESSIVE;
				CLANG_CXX_LANGUAGE_STANDARD = "gnu++17";
				CLANG_ENABLE_MODULES = YES;
				CLANG_ENABLE_OBJC_ARC = YES;
				CLANG_ENABLE_OBJC_WEAK = YES;
				CLANG_WARN_BLOCK_CAPTURE_AUTORELEASING = YES;
				CLANG_WARN_BOOL_CONVERSION = YES;
				CLANG_WARN_COMMA = YES;
				CLANG_WARN_CONSTANT_CONVERSION = YES;
				CLANG_WARN_DEPRECATED_OBJC_IMPLEMENTATIONS = YES;
				CLANG_WARN_DIRECT_OBJC_ISA_USAGE = YES_ERROR;
				CLANG_WARN_DOCUMENTATION_COMMENTS = YES;
				CLANG_WARN_EMPTY_BODY = YES;
				CLANG_WARN_ENUM_CONVERSION = YES;
				CLANG_WARN_INFINITE_RECURSION = YES;
				CLANG_WARN_INT_CONVERSION = YES;
				CLANG_WARN_NON_LITERAL_NULL_CONVERSION = YES;
				CLANG_WARN_OBJC_IMPLICIT_RETAIN_SELF = YES;
				CLANG_WARN_OBJC_LITERAL_CONVERSION = YES;
				CLANG_WARN_OBJC_ROOT_CLASS = YES_ERROR;
				CLANG_WARN_QUOTED_INCLUDE_IN_FRAMEWORK_HEADER = YES;
				CLANG_WARN_RANGE_LOOP_ANALYSIS = YES;
				CLANG_WARN_STRICT_PROTOTYPES = YES;
				CLANG_WARN_SUSPICIOUS_MOVE = YES;
				CLANG_WARN_UNGUARDED_AVAILABILITY = YES_AGGRESSIVE;
				CLANG_WARN_UNREACHABLE_CODE = YES;
				CLANG_WARN__DUPLICATE_METHOD_MATCH = YES;
				COPY_PHASE_STRIP = NO;
				DEBUG_INFORMATION_FORMAT = "dwarf-with-dsym";
				ENABLE_NS_ASSERTIONS = NO;
				ENABLE_STRICT_OBJC_MSGSEND = YES;
				GCC_C_LANGUAGE_STANDARD = gnu11;
				GCC_NO_COMMON_BLOCKS = YES;
				GCC_WARN_64_TO_32_BIT_CONVERSION = YES;
				GCC_WARN_ABOUT_RETURN_TYPE = YES_ERROR;
				GCC_WARN_UNDECLARED_SELECTOR = YES;
				GCC_WARN_UNINITIALIZED_AUTOS = YES_AGGRESSIVE;
				GCC_WARN_UNUSED_FUNCTION = YES;
				GCC_WARN_UNUSED_VARIABLE = YES;
				IPHONEOS_DEPLOYMENT_TARGET = 15.4;
				MTL_ENABLE_DEBUG_INFO = NO;
				MTL_FAST_MATH = YES;
				SDKROOT = iphoneos;
				SWIFT_COMPILATION_MODE = wholemodule;
				SWIFT_OPTIMIZATION_LEVEL = "-O";
				VALIDATE_PRODUCT = YES;
			};
			name = Release;
		};
		0AE5B50F280475BA00BD062E /* Debug */ = {
			isa = XCBuildConfiguration;
			buildSettings = {
				ASSETCATALOG_COMPILER_APPICON_NAME = AppIcon;
				ASSETCATALOG_COMPILER_GLOBAL_ACCENT_COLOR_NAME = AccentColor;
				CODE_SIGN_ENTITLEMENTS = PungDeong/PungDeong.entitlements;
				CODE_SIGN_IDENTITY = "iPhone Developer";
				CODE_SIGN_STYLE = Manual;
				CURRENT_PROJECT_VERSION = 2;
				DEVELOPMENT_ASSET_PATHS = "\"PungDeong/Preview Content\"";
				DEVELOPMENT_TEAM = SXSNK823Y9;
				ENABLE_PREVIEWS = YES;
				GENERATE_INFOPLIST_FILE = YES;
				INFOPLIST_FILE = PungDeong/Info.plist;
				INFOPLIST_KEY_UIApplicationSceneManifest_Generation = YES;
				INFOPLIST_KEY_UIApplicationSupportsIndirectInputEvents = YES;
				INFOPLIST_KEY_UILaunchScreen_Generation = YES;
				INFOPLIST_KEY_UISupportedInterfaceOrientations_iPad = "UIInterfaceOrientationPortrait UIInterfaceOrientationPortraitUpsideDown UIInterfaceOrientationLandscapeLeft UIInterfaceOrientationLandscapeRight";
				INFOPLIST_KEY_UISupportedInterfaceOrientations_iPhone = "UIInterfaceOrientationPortrait UIInterfaceOrientationLandscapeLeft UIInterfaceOrientationLandscapeRight";
				INFOPLIST_KEY_UIUserInterfaceStyle = Light;
				LD_RUNPATH_SEARCH_PATHS = (
					"$(inherited)",
					"@executable_path/Frameworks",
				);
				MARKETING_VERSION = 1.0;
				PRODUCT_BUNDLE_IDENTIFIER = com.team7.gbsc.pungdeong;
				PRODUCT_NAME = "$(TARGET_NAME)";
				PROVISIONING_PROFILE_SPECIFIER = "GBSCHOCK-pungdeong";
				SWIFT_EMIT_LOC_STRINGS = YES;
				SWIFT_VERSION = 5.0;
				TARGETED_DEVICE_FAMILY = "1,2";
			};
			name = Debug;
		};
		0AE5B510280475BA00BD062E /* Release */ = {
			isa = XCBuildConfiguration;
			buildSettings = {
				ASSETCATALOG_COMPILER_APPICON_NAME = AppIcon;
				ASSETCATALOG_COMPILER_GLOBAL_ACCENT_COLOR_NAME = AccentColor;
				CODE_SIGN_ENTITLEMENTS = PungDeong/PungDeong.entitlements;
				CODE_SIGN_IDENTITY = "iPhone Distribution";
				CODE_SIGN_STYLE = Manual;
				CURRENT_PROJECT_VERSION = 2;
				DEVELOPMENT_ASSET_PATHS = "\"PungDeong/Preview Content\"";
				DEVELOPMENT_TEAM = SXSNK823Y9;
				ENABLE_PREVIEWS = YES;
				GENERATE_INFOPLIST_FILE = YES;
				INFOPLIST_FILE = PungDeong/Info.plist;
				INFOPLIST_KEY_UIApplicationSceneManifest_Generation = YES;
				INFOPLIST_KEY_UIApplicationSupportsIndirectInputEvents = YES;
				INFOPLIST_KEY_UILaunchScreen_Generation = YES;
				INFOPLIST_KEY_UISupportedInterfaceOrientations_iPad = "UIInterfaceOrientationPortrait UIInterfaceOrientationPortraitUpsideDown UIInterfaceOrientationLandscapeLeft UIInterfaceOrientationLandscapeRight";
				INFOPLIST_KEY_UISupportedInterfaceOrientations_iPhone = "UIInterfaceOrientationPortrait UIInterfaceOrientationLandscapeLeft UIInterfaceOrientationLandscapeRight";
				INFOPLIST_KEY_UIUserInterfaceStyle = Light;
				LD_RUNPATH_SEARCH_PATHS = (
					"$(inherited)",
					"@executable_path/Frameworks",
				);
				MARKETING_VERSION = 1.0;
				PRODUCT_BUNDLE_IDENTIFIER = com.team7.gbsc.pungdeong;
				PRODUCT_NAME = "$(TARGET_NAME)";
				PROVISIONING_PROFILE_SPECIFIER = "GBSCHOCK-pungdeong-AppStore";
				SWIFT_EMIT_LOC_STRINGS = YES;
				SWIFT_VERSION = 5.0;
				TARGETED_DEVICE_FAMILY = "1,2";
			};
			name = Release;
		};
		0AE5B512280475BA00BD062E /* Debug */ = {
			isa = XCBuildConfiguration;
			buildSettings = {
				ALWAYS_EMBED_SWIFT_STANDARD_LIBRARIES = YES;
				BUNDLE_LOADER = "$(TEST_HOST)";
				CODE_SIGN_STYLE = Automatic;
				CURRENT_PROJECT_VERSION = 1;
				GENERATE_INFOPLIST_FILE = YES;
				IPHONEOS_DEPLOYMENT_TARGET = 15.4;
				MARKETING_VERSION = 1.0;
				PRODUCT_BUNDLE_IDENTIFIER = com.GBSC.PungDeongTests;
				PRODUCT_NAME = "$(TARGET_NAME)";
				SWIFT_EMIT_LOC_STRINGS = NO;
				SWIFT_VERSION = 5.0;
				TARGETED_DEVICE_FAMILY = "1,2";
				TEST_HOST = "$(BUILT_PRODUCTS_DIR)/PungDeong.app/PungDeong";
			};
			name = Debug;
		};
		0AE5B513280475BA00BD062E /* Release */ = {
			isa = XCBuildConfiguration;
			buildSettings = {
				ALWAYS_EMBED_SWIFT_STANDARD_LIBRARIES = YES;
				BUNDLE_LOADER = "$(TEST_HOST)";
				CODE_SIGN_STYLE = Automatic;
				CURRENT_PROJECT_VERSION = 1;
				GENERATE_INFOPLIST_FILE = YES;
				IPHONEOS_DEPLOYMENT_TARGET = 15.4;
				MARKETING_VERSION = 1.0;
				PRODUCT_BUNDLE_IDENTIFIER = com.GBSC.PungDeongTests;
				PRODUCT_NAME = "$(TARGET_NAME)";
				SWIFT_EMIT_LOC_STRINGS = NO;
				SWIFT_VERSION = 5.0;
				TARGETED_DEVICE_FAMILY = "1,2";
				TEST_HOST = "$(BUILT_PRODUCTS_DIR)/PungDeong.app/PungDeong";
			};
			name = Release;
		};
		0AE5B515280475BA00BD062E /* Debug */ = {
			isa = XCBuildConfiguration;
			buildSettings = {
				ALWAYS_EMBED_SWIFT_STANDARD_LIBRARIES = YES;
				CODE_SIGN_STYLE = Automatic;
				CURRENT_PROJECT_VERSION = 1;
				GENERATE_INFOPLIST_FILE = YES;
				MARKETING_VERSION = 1.0;
				PRODUCT_BUNDLE_IDENTIFIER = com.GBSC.PungDeongUITests;
				PRODUCT_NAME = "$(TARGET_NAME)";
				SWIFT_EMIT_LOC_STRINGS = NO;
				SWIFT_VERSION = 5.0;
				TARGETED_DEVICE_FAMILY = "1,2";
				TEST_TARGET_NAME = PungDeong;
			};
			name = Debug;
		};
		0AE5B516280475BA00BD062E /* Release */ = {
			isa = XCBuildConfiguration;
			buildSettings = {
				ALWAYS_EMBED_SWIFT_STANDARD_LIBRARIES = YES;
				CODE_SIGN_STYLE = Automatic;
				CURRENT_PROJECT_VERSION = 1;
				GENERATE_INFOPLIST_FILE = YES;
				MARKETING_VERSION = 1.0;
				PRODUCT_BUNDLE_IDENTIFIER = com.GBSC.PungDeongUITests;
				PRODUCT_NAME = "$(TARGET_NAME)";
				SWIFT_EMIT_LOC_STRINGS = NO;
				SWIFT_VERSION = 5.0;
				TARGETED_DEVICE_FAMILY = "1,2";
				TEST_TARGET_NAME = PungDeong;
			};
			name = Release;
		};
/* End XCBuildConfiguration section */

/* Begin XCConfigurationList section */
		0AE5B4E5280475B800BD062E /* Build configuration list for PBXProject "PungDeong" */ = {
			isa = XCConfigurationList;
			buildConfigurations = (
				0AE5B50C280475BA00BD062E /* Debug */,
				0AE5B50D280475BA00BD062E /* Release */,
			);
			defaultConfigurationIsVisible = 0;
			defaultConfigurationName = Release;
		};
		0AE5B50E280475BA00BD062E /* Build configuration list for PBXNativeTarget "PungDeong" */ = {
			isa = XCConfigurationList;
			buildConfigurations = (
				0AE5B50F280475BA00BD062E /* Debug */,
				0AE5B510280475BA00BD062E /* Release */,
			);
			defaultConfigurationIsVisible = 0;
			defaultConfigurationName = Release;
		};
		0AE5B511280475BA00BD062E /* Build configuration list for PBXNativeTarget "PungDeongTests" */ = {
			isa = XCConfigurationList;
			buildConfigurations = (
				0AE5B512280475BA00BD062E /* Debug */,
				0AE5B513280475BA00BD062E /* Release */,
			);
			defaultConfigurationIsVisible = 0;
			defaultConfigurationName = Release;
		};
		0AE5B514280475BA00BD062E /* Build configuration list for PBXNativeTarget "PungDeongUITests" */ = {
			isa = XCConfigurationList;
			buildConfigurations = (
				0AE5B515280475BA00BD062E /* Debug */,
				0AE5B516280475BA00BD062E /* Release */,
			);
			defaultConfigurationIsVisible = 0;
			defaultConfigurationName = Release;
		};
/* End XCConfigurationList section */

/* Begin XCRemoteSwiftPackageReference section */
		0A199A7E2804866500BDCE14 /* XCRemoteSwiftPackageReference "trackable-scroll-view" */ = {
			isa = XCRemoteSwiftPackageReference;
			repositoryURL = "https://github.com/maxnatchanon/trackable-scroll-view";
			requirement = {
				branch = master;
				kind = branch;
			};
		};
		0AE5B5172804767200BD062E /* XCRemoteSwiftPackageReference "GoogleSignIn-iOS" */ = {
			isa = XCRemoteSwiftPackageReference;
			repositoryURL = "https://github.com/google/GoogleSignIn-iOS";
			requirement = {
				branch = main;
				kind = branch;
			};
		};
		0AE5B51D28047A7300BD062E /* XCRemoteSwiftPackageReference "firebase-ios-sdk" */ = {
			isa = XCRemoteSwiftPackageReference;
			repositoryURL = "https://github.com/firebase/firebase-ios-sdk";
			requirement = {
				kind = upToNextMajorVersion;
				minimumVersion = 8.0.0;
			};
		};
		C0EE3BCB2805228E0077F6B4 /* XCRemoteSwiftPackageReference "kakao-ios-sdk" */ = {
			isa = XCRemoteSwiftPackageReference;
			repositoryURL = "https://github.com/kakao/kakao-ios-sdk";
			requirement = {
				branch = master;
				kind = branch;
			};
		};
/* End XCRemoteSwiftPackageReference section */

/* Begin XCSwiftPackageProductDependency section */
		0A199A7F2804866500BDCE14 /* SwiftUITrackableScrollView */ = {
			isa = XCSwiftPackageProductDependency;
			package = 0A199A7E2804866500BDCE14 /* XCRemoteSwiftPackageReference "trackable-scroll-view" */;
			productName = SwiftUITrackableScrollView;
		};
		0AE5B5182804767200BD062E /* GoogleSignIn */ = {
			isa = XCSwiftPackageProductDependency;
			package = 0AE5B5172804767200BD062E /* XCRemoteSwiftPackageReference "GoogleSignIn-iOS" */;
			productName = GoogleSignIn;
		};
		0AE5B51E28047A7300BD062E /* FirebaseAnalytics */ = {
			isa = XCSwiftPackageProductDependency;
			package = 0AE5B51D28047A7300BD062E /* XCRemoteSwiftPackageReference "firebase-ios-sdk" */;
			productName = FirebaseAnalytics;
		};
		0AE5B52028047A7300BD062E /* FirebaseAnalyticsSwift-Beta */ = {
			isa = XCSwiftPackageProductDependency;
			package = 0AE5B51D28047A7300BD062E /* XCRemoteSwiftPackageReference "firebase-ios-sdk" */;
			productName = "FirebaseAnalyticsSwift-Beta";
		};
		0AE5B52228047A7300BD062E /* FirebaseAnalyticsWithoutAdIdSupport */ = {
			isa = XCSwiftPackageProductDependency;
			package = 0AE5B51D28047A7300BD062E /* XCRemoteSwiftPackageReference "firebase-ios-sdk" */;
			productName = FirebaseAnalyticsWithoutAdIdSupport;
		};
		0AE5B52428047A7300BD062E /* FirebaseFirestore */ = {
			isa = XCSwiftPackageProductDependency;
			package = 0AE5B51D28047A7300BD062E /* XCRemoteSwiftPackageReference "firebase-ios-sdk" */;
			productName = FirebaseFirestore;
		};
		0AE5B52628047A7300BD062E /* FirebaseFirestoreCombine-Community */ = {
			isa = XCSwiftPackageProductDependency;
			package = 0AE5B51D28047A7300BD062E /* XCRemoteSwiftPackageReference "firebase-ios-sdk" */;
			productName = "FirebaseFirestoreCombine-Community";
		};
		0AE5B52828047A7300BD062E /* FirebaseFirestoreSwift-Beta */ = {
			isa = XCSwiftPackageProductDependency;
			package = 0AE5B51D28047A7300BD062E /* XCRemoteSwiftPackageReference "firebase-ios-sdk" */;
			productName = "FirebaseFirestoreSwift-Beta";
		};
		0AE5B52A28047A7300BD062E /* FirebaseMessaging */ = {
			isa = XCSwiftPackageProductDependency;
			package = 0AE5B51D28047A7300BD062E /* XCRemoteSwiftPackageReference "firebase-ios-sdk" */;
			productName = FirebaseMessaging;
		};
		0AE5B52C28047A7300BD062E /* FirebaseStorage */ = {
			isa = XCSwiftPackageProductDependency;
			package = 0AE5B51D28047A7300BD062E /* XCRemoteSwiftPackageReference "firebase-ios-sdk" */;
			productName = FirebaseStorage;
		};
		0AE5B52E28047A7300BD062E /* FirebaseStorageCombine-Community */ = {
			isa = XCSwiftPackageProductDependency;
			package = 0AE5B51D28047A7300BD062E /* XCRemoteSwiftPackageReference "firebase-ios-sdk" */;
			productName = "FirebaseStorageCombine-Community";
		};
		0AE5B53028047A7300BD062E /* FirebaseStorageSwift-Beta */ = {
			isa = XCSwiftPackageProductDependency;
			package = 0AE5B51D28047A7300BD062E /* XCRemoteSwiftPackageReference "firebase-ios-sdk" */;
			productName = "FirebaseStorageSwift-Beta";
		};
		C0EE3BCC2805228E0077F6B4 /* KakaoSDKCommon */ = {
			isa = XCSwiftPackageProductDependency;
			package = C0EE3BCB2805228E0077F6B4 /* XCRemoteSwiftPackageReference "kakao-ios-sdk" */;
			productName = KakaoSDKCommon;
		};
		C0EE3BCE2805228E0077F6B4 /* KakaoSDKLink */ = {
			isa = XCSwiftPackageProductDependency;
			package = C0EE3BCB2805228E0077F6B4 /* XCRemoteSwiftPackageReference "kakao-ios-sdk" */;
			productName = KakaoSDKLink;
		};
		C0EE3BD02805228E0077F6B4 /* KakaoSDKTemplate */ = {
			isa = XCSwiftPackageProductDependency;
			package = C0EE3BCB2805228E0077F6B4 /* XCRemoteSwiftPackageReference "kakao-ios-sdk" */;
			productName = KakaoSDKTemplate;
		};
/* End XCSwiftPackageProductDependency section */
	};
	rootObject = 0AE5B4E2280475B800BD062E /* Project object */;
}
